
Microsoft Visual Studio Solution File, Format Version 12.00
# Visual Studio 14
VisualStudioVersion = 14.0.25420.1
MinimumVisualStudioVersion = 10.0.40219.1
Project("{2150E333-8FDC-42A3-9474-1A3956D46DE8}") = "lib", "lib", "{443E97FC-E470-41C9-9301-CB5D1B9E8C6F}"
EndProject
Project("{FAE04EC0-301F-11D3-BF4B-00C04F79EFBC}") = "InternetInterface", "InternetInterface\InternetInterface.csproj", "{E2B03BC7-AACB-4A72-BBC7-DF4325912504}"
EndProject
Project("{FAE04EC0-301F-11D3-BF4B-00C04F79EFBC}") = "MonoRail.Debugger.Toolbar", "..\lib\MonoRail.Debugger.Toolbar\src\MonoRail.Debugger.Toolbar\MonoRail.Debugger.Toolbar.csproj", "{BF858A13-1FE7-42F0-AF78-D9909FA193D1}"
EndProject
Project("{FAE04EC0-301F-11D3-BF4B-00C04F79EFBC}") = "Common.Tools", "Common.Tools\Common.Tools\Common.Tools.csproj", "{72AFCFE8-C9E9-45FA-9698-BEE896A517A3}"
EndProject
Project("{FAE04EC0-301F-11D3-BF4B-00C04F79EFBC}") = "Common.Tools.Tests", "Common.Tools\Common.Tools.Test\Common.Tools.Tests.csproj", "{A2C4864F-8976-4C5B-A2BF-60AE31749BB7}"
EndProject
Project("{FAE04EC0-301F-11D3-BF4B-00C04F79EFBC}") = "Common.MySql", "Common.MySql\Common.MySql\Common.MySql.csproj", "{8A680813-C83B-497A-85E6-E8F07B7D7650}"
EndProject
Project("{FAE04EC0-301F-11D3-BF4B-00C04F79EFBC}") = "Test.Support", "Test.Support\Test.Support\Test.Support.csproj", "{A215E837-1208-49E3-AF93-A9612223122C}"
EndProject
Project("{FAE04EC0-301F-11D3-BF4B-00C04F79EFBC}") = "Billing", "Billing\Billing.csproj", "{A30EB5BC-959B-4031-8D90-51F045AF3E6D}"
EndProject
Project("{FAE04EC0-301F-11D3-BF4B-00C04F79EFBC}") = "Billing.Test", "Billing.Test\Billing.Test.csproj", "{9BEAF831-A523-497D-876A-03ED07FD0B95}"
EndProject
Project("{FAE04EC0-301F-11D3-BF4B-00C04F79EFBC}") = "Common.Web.Ui", "Common.Web.UI\Common.Web.Ui\Common.Web.Ui.csproj", "{95E2C313-46FA-4B4B-9EFF-3228662908F4}"
EndProject
Project("{FAE04EC0-301F-11D3-BF4B-00C04F79EFBC}") = "Common.Web.Ui.Test", "Common.Web.UI\Common.Web.Ui.Test\Common.Web.Ui.Test.csproj", "{D3BA9766-79FD-4DC9-9A44-B847C6625E0A}"
EndProject
Project("{FAE04EC0-301F-11D3-BF4B-00C04F79EFBC}") = "InternetInterface.Background", "InternetInterface.Background\InternetInterface.Background.csproj", "{3D0FEB94-663A-421F-B28E-621E365879D7}"
EndProject
Project("{FAE04EC0-301F-11D3-BF4B-00C04F79EFBC}") = "InternetInterface.Printer", "InternetInterface.Printer\InternetInterface.Printer.csproj", "{A22769FD-8F8C-41D5-83E5-6DA27A3B7331}"
EndProject
Project("{FAE04EC0-301F-11D3-BF4B-00C04F79EFBC}") = "Common.Web.Ui.Excel", "Common.Web.UI\Common.Web.Ui.Excel\Common.Web.Ui.Excel.csproj", "{D6853570-4238-430A-ADFE-3CAACE172954}"
EndProject
Project("{FAE04EC0-301F-11D3-BF4B-00C04F79EFBC}") = "Test.Support.Selenium", "Test.Support\Test.Support.Selenium\Test.Support.Selenium.csproj", "{E37375CE-ADBA-47C9-9FA1-D7C5C704CD89}"
EndProject
Project("{FAE04EC0-301F-11D3-BF4B-00C04F79EFBC}") = "Common.NHibernate", "Common.MySql\Common.NHibernate\Common.NHibernate.csproj", "{8BE188CA-A0D9-4609-AB2E-AB8EDF849FE0}"
EndProject
Project("{2150E333-8FDC-42A3-9474-1A3956D46DE8}") = "config", "config", "{6CE4E94C-A2F2-4D1F-ADCE-18C75E20D6AE}"
	ProjectSection(SolutionItems) = preProject
		global.config = global.config
		global.local.config = global.local.config
	EndProjectSection
EndProject
Project("{FAE04EC0-301F-11D3-BF4B-00C04F79EFBC}") = "Inforoom2", "Inforoom2\Inforoom2.csproj", "{3BA4B44C-BEDF-44AA-9388-9778F8FA108F}"
EndProject
Project("{FAE04EC0-301F-11D3-BF4B-00C04F79EFBC}") = "Inforoom2.Test", "Inforoom2.Test\Inforoom2.Test.csproj", "{279323D6-24C8-47BD-A0EB-BE164B4B5CB1}"
EndProject
Project("{FAE04EC0-301F-11D3-BF4B-00C04F79EFBC}") = "InforoomControlPanel", "InforoomControlPanel\InforoomControlPanel.csproj", "{4436A72E-730B-497C-989C-42BBB4208024}"
EndProject
Project("{FAE04EC0-301F-11D3-BF4B-00C04F79EFBC}") = "InforoomControlPanel.Test", "InforoomControlPanel.Test\InforoomControlPanel.Test.csproj", "{108D906F-32D7-4774-A66D-BFD68CC4D9B0}"
EndProject
Global
	GlobalSection(SolutionConfigurationPlatforms) = preSolution
		ChildrenFolder|Any CPU = ChildrenFolder|Any CPU
		ChildrenFolder|Mixed Platforms = ChildrenFolder|Mixed Platforms
		ChildrenFolder|x64 = ChildrenFolder|x64
		ChildrenFolder|x86 = ChildrenFolder|x86
		Debug|Any CPU = Debug|Any CPU
		Debug|Mixed Platforms = Debug|Mixed Platforms
		Debug|x64 = Debug|x64
		Debug|x86 = Debug|x86
		debug-net45|Any CPU = debug-net45|Any CPU
		debug-net45|Mixed Platforms = debug-net45|Mixed Platforms
		debug-net45|x64 = debug-net45|x64
		debug-net45|x86 = debug-net45|x86
		Release|Any CPU = Release|Any CPU
		Release|Mixed Platforms = Release|Mixed Platforms
		Release|x64 = Release|x64
		Release|x86 = Release|x86
		release-net45|Any CPU = release-net45|Any CPU
		release-net45|Mixed Platforms = release-net45|Mixed Platforms
		release-net45|x64 = release-net45|x64
		release-net45|x86 = release-net45|x86
		Test|Any CPU = Test|Any CPU
		Test|Mixed Platforms = Test|Mixed Platforms
		Test|x64 = Test|x64
		Test|x86 = Test|x86
	EndGlobalSection
	GlobalSection(ProjectConfigurationPlatforms) = postSolution
		{E2B03BC7-AACB-4A72-BBC7-DF4325912504}.ChildrenFolder|Any CPU.ActiveCfg = Release|Any CPU
		{E2B03BC7-AACB-4A72-BBC7-DF4325912504}.ChildrenFolder|Any CPU.Build.0 = Release|Any CPU
		{E2B03BC7-AACB-4A72-BBC7-DF4325912504}.ChildrenFolder|Mixed Platforms.ActiveCfg = Release|Any CPU
		{E2B03BC7-AACB-4A72-BBC7-DF4325912504}.ChildrenFolder|Mixed Platforms.Build.0 = Release|Any CPU
		{E2B03BC7-AACB-4A72-BBC7-DF4325912504}.ChildrenFolder|x64.ActiveCfg = Release|Any CPU
		{E2B03BC7-AACB-4A72-BBC7-DF4325912504}.ChildrenFolder|x86.ActiveCfg = Release|Any CPU
		{E2B03BC7-AACB-4A72-BBC7-DF4325912504}.Debug|Any CPU.ActiveCfg = Debug|Any CPU
		{E2B03BC7-AACB-4A72-BBC7-DF4325912504}.Debug|Any CPU.Build.0 = Debug|Any CPU
		{E2B03BC7-AACB-4A72-BBC7-DF4325912504}.Debug|Mixed Platforms.ActiveCfg = Debug|Any CPU
		{E2B03BC7-AACB-4A72-BBC7-DF4325912504}.Debug|Mixed Platforms.Build.0 = Debug|Any CPU
		{E2B03BC7-AACB-4A72-BBC7-DF4325912504}.Debug|x64.ActiveCfg = Debug|Any CPU
		{E2B03BC7-AACB-4A72-BBC7-DF4325912504}.Debug|x86.ActiveCfg = Debug|Any CPU
		{E2B03BC7-AACB-4A72-BBC7-DF4325912504}.Debug|x86.Build.0 = Debug|Any CPU
		{E2B03BC7-AACB-4A72-BBC7-DF4325912504}.debug-net45|Any CPU.ActiveCfg = Debug|Any CPU
		{E2B03BC7-AACB-4A72-BBC7-DF4325912504}.debug-net45|Any CPU.Build.0 = Debug|Any CPU
		{E2B03BC7-AACB-4A72-BBC7-DF4325912504}.debug-net45|Mixed Platforms.ActiveCfg = Debug|Any CPU
		{E2B03BC7-AACB-4A72-BBC7-DF4325912504}.debug-net45|Mixed Platforms.Build.0 = Debug|Any CPU
		{E2B03BC7-AACB-4A72-BBC7-DF4325912504}.debug-net45|x64.ActiveCfg = Debug|Any CPU
		{E2B03BC7-AACB-4A72-BBC7-DF4325912504}.debug-net45|x86.ActiveCfg = Debug|Any CPU
		{E2B03BC7-AACB-4A72-BBC7-DF4325912504}.Release|Any CPU.ActiveCfg = Release|Any CPU
		{E2B03BC7-AACB-4A72-BBC7-DF4325912504}.Release|Any CPU.Build.0 = Release|Any CPU
		{E2B03BC7-AACB-4A72-BBC7-DF4325912504}.Release|Mixed Platforms.ActiveCfg = Release|Any CPU
		{E2B03BC7-AACB-4A72-BBC7-DF4325912504}.Release|Mixed Platforms.Build.0 = Release|Any CPU
		{E2B03BC7-AACB-4A72-BBC7-DF4325912504}.Release|x64.ActiveCfg = Release|Any CPU
		{E2B03BC7-AACB-4A72-BBC7-DF4325912504}.Release|x86.ActiveCfg = Release|Any CPU
		{E2B03BC7-AACB-4A72-BBC7-DF4325912504}.release-net45|Any CPU.ActiveCfg = Release|Any CPU
		{E2B03BC7-AACB-4A72-BBC7-DF4325912504}.release-net45|Any CPU.Build.0 = Release|Any CPU
		{E2B03BC7-AACB-4A72-BBC7-DF4325912504}.release-net45|Mixed Platforms.ActiveCfg = Release|Any CPU
		{E2B03BC7-AACB-4A72-BBC7-DF4325912504}.release-net45|Mixed Platforms.Build.0 = Release|Any CPU
		{E2B03BC7-AACB-4A72-BBC7-DF4325912504}.release-net45|x64.ActiveCfg = Release|Any CPU
		{E2B03BC7-AACB-4A72-BBC7-DF4325912504}.release-net45|x86.ActiveCfg = Release|Any CPU
		{E2B03BC7-AACB-4A72-BBC7-DF4325912504}.Test|Any CPU.ActiveCfg = Debug|Any CPU
		{E2B03BC7-AACB-4A72-BBC7-DF4325912504}.Test|Any CPU.Build.0 = Debug|Any CPU
		{E2B03BC7-AACB-4A72-BBC7-DF4325912504}.Test|Mixed Platforms.ActiveCfg = Debug|Any CPU
		{E2B03BC7-AACB-4A72-BBC7-DF4325912504}.Test|Mixed Platforms.Build.0 = Debug|Any CPU
		{E2B03BC7-AACB-4A72-BBC7-DF4325912504}.Test|x64.ActiveCfg = Debug|Any CPU
		{E2B03BC7-AACB-4A72-BBC7-DF4325912504}.Test|x86.ActiveCfg = Debug|Any CPU
		{BF858A13-1FE7-42F0-AF78-D9909FA193D1}.ChildrenFolder|Any CPU.ActiveCfg = Release|Any CPU
		{BF858A13-1FE7-42F0-AF78-D9909FA193D1}.ChildrenFolder|Any CPU.Build.0 = Release|Any CPU
		{BF858A13-1FE7-42F0-AF78-D9909FA193D1}.ChildrenFolder|Mixed Platforms.ActiveCfg = Release|Any CPU
		{BF858A13-1FE7-42F0-AF78-D9909FA193D1}.ChildrenFolder|Mixed Platforms.Build.0 = Release|Any CPU
		{BF858A13-1FE7-42F0-AF78-D9909FA193D1}.ChildrenFolder|x64.ActiveCfg = Release|Any CPU
		{BF858A13-1FE7-42F0-AF78-D9909FA193D1}.ChildrenFolder|x86.ActiveCfg = Release|Any CPU
		{BF858A13-1FE7-42F0-AF78-D9909FA193D1}.Debug|Any CPU.ActiveCfg = Debug|Any CPU
		{BF858A13-1FE7-42F0-AF78-D9909FA193D1}.Debug|Any CPU.Build.0 = Debug|Any CPU
		{BF858A13-1FE7-42F0-AF78-D9909FA193D1}.Debug|Mixed Platforms.ActiveCfg = Debug|Any CPU
		{BF858A13-1FE7-42F0-AF78-D9909FA193D1}.Debug|Mixed Platforms.Build.0 = Debug|Any CPU
		{BF858A13-1FE7-42F0-AF78-D9909FA193D1}.Debug|x64.ActiveCfg = Debug|Any CPU
		{BF858A13-1FE7-42F0-AF78-D9909FA193D1}.Debug|x86.ActiveCfg = Debug|Any CPU
		{BF858A13-1FE7-42F0-AF78-D9909FA193D1}.Debug|x86.Build.0 = Debug|Any CPU
		{BF858A13-1FE7-42F0-AF78-D9909FA193D1}.debug-net45|Any CPU.ActiveCfg = Debug|Any CPU
		{BF858A13-1FE7-42F0-AF78-D9909FA193D1}.debug-net45|Any CPU.Build.0 = Debug|Any CPU
		{BF858A13-1FE7-42F0-AF78-D9909FA193D1}.debug-net45|Mixed Platforms.ActiveCfg = Debug|Any CPU
		{BF858A13-1FE7-42F0-AF78-D9909FA193D1}.debug-net45|Mixed Platforms.Build.0 = Debug|Any CPU
		{BF858A13-1FE7-42F0-AF78-D9909FA193D1}.debug-net45|x64.ActiveCfg = Debug|Any CPU
		{BF858A13-1FE7-42F0-AF78-D9909FA193D1}.debug-net45|x86.ActiveCfg = Debug|Any CPU
		{BF858A13-1FE7-42F0-AF78-D9909FA193D1}.Release|Any CPU.ActiveCfg = Release|Any CPU
		{BF858A13-1FE7-42F0-AF78-D9909FA193D1}.Release|Any CPU.Build.0 = Release|Any CPU
		{BF858A13-1FE7-42F0-AF78-D9909FA193D1}.Release|Mixed Platforms.ActiveCfg = Release|Any CPU
		{BF858A13-1FE7-42F0-AF78-D9909FA193D1}.Release|Mixed Platforms.Build.0 = Release|Any CPU
		{BF858A13-1FE7-42F0-AF78-D9909FA193D1}.Release|x64.ActiveCfg = Release|Any CPU
		{BF858A13-1FE7-42F0-AF78-D9909FA193D1}.Release|x86.ActiveCfg = Release|Any CPU
		{BF858A13-1FE7-42F0-AF78-D9909FA193D1}.release-net45|Any CPU.ActiveCfg = Release|Any CPU
		{BF858A13-1FE7-42F0-AF78-D9909FA193D1}.release-net45|Any CPU.Build.0 = Release|Any CPU
		{BF858A13-1FE7-42F0-AF78-D9909FA193D1}.release-net45|Mixed Platforms.ActiveCfg = Release|Any CPU
		{BF858A13-1FE7-42F0-AF78-D9909FA193D1}.release-net45|Mixed Platforms.Build.0 = Release|Any CPU
		{BF858A13-1FE7-42F0-AF78-D9909FA193D1}.release-net45|x64.ActiveCfg = Release|Any CPU
		{BF858A13-1FE7-42F0-AF78-D9909FA193D1}.release-net45|x86.ActiveCfg = Release|Any CPU
		{BF858A13-1FE7-42F0-AF78-D9909FA193D1}.Test|Any CPU.ActiveCfg = Debug|Any CPU
		{BF858A13-1FE7-42F0-AF78-D9909FA193D1}.Test|Any CPU.Build.0 = Debug|Any CPU
		{BF858A13-1FE7-42F0-AF78-D9909FA193D1}.Test|Mixed Platforms.ActiveCfg = Debug|Any CPU
		{BF858A13-1FE7-42F0-AF78-D9909FA193D1}.Test|Mixed Platforms.Build.0 = Debug|Any CPU
		{BF858A13-1FE7-42F0-AF78-D9909FA193D1}.Test|x64.ActiveCfg = Debug|Any CPU
		{BF858A13-1FE7-42F0-AF78-D9909FA193D1}.Test|x86.ActiveCfg = Debug|Any CPU
		{72AFCFE8-C9E9-45FA-9698-BEE896A517A3}.ChildrenFolder|Any CPU.ActiveCfg = release-net45|Any CPU
		{72AFCFE8-C9E9-45FA-9698-BEE896A517A3}.ChildrenFolder|Any CPU.Build.0 = release-net45|Any CPU
		{72AFCFE8-C9E9-45FA-9698-BEE896A517A3}.ChildrenFolder|Mixed Platforms.ActiveCfg = release-net45|Any CPU
		{72AFCFE8-C9E9-45FA-9698-BEE896A517A3}.ChildrenFolder|Mixed Platforms.Build.0 = release-net45|Any CPU
		{72AFCFE8-C9E9-45FA-9698-BEE896A517A3}.ChildrenFolder|x64.ActiveCfg = release-net45|Any CPU
		{72AFCFE8-C9E9-45FA-9698-BEE896A517A3}.ChildrenFolder|x86.ActiveCfg = release-net45|Any CPU
		{72AFCFE8-C9E9-45FA-9698-BEE896A517A3}.Debug|Any CPU.ActiveCfg = Debug|Any CPU
		{72AFCFE8-C9E9-45FA-9698-BEE896A517A3}.Debug|Any CPU.Build.0 = Debug|Any CPU
		{72AFCFE8-C9E9-45FA-9698-BEE896A517A3}.Debug|Mixed Platforms.ActiveCfg = Debug|Any CPU
		{72AFCFE8-C9E9-45FA-9698-BEE896A517A3}.Debug|Mixed Platforms.Build.0 = Debug|Any CPU
		{72AFCFE8-C9E9-45FA-9698-BEE896A517A3}.Debug|x64.ActiveCfg = Debug|Any CPU
		{72AFCFE8-C9E9-45FA-9698-BEE896A517A3}.Debug|x86.ActiveCfg = Debug|Any CPU
		{72AFCFE8-C9E9-45FA-9698-BEE896A517A3}.Debug|x86.Build.0 = Debug|Any CPU
		{72AFCFE8-C9E9-45FA-9698-BEE896A517A3}.debug-net45|Any CPU.ActiveCfg = debug-net45|Any CPU
		{72AFCFE8-C9E9-45FA-9698-BEE896A517A3}.debug-net45|Any CPU.Build.0 = debug-net45|Any CPU
		{72AFCFE8-C9E9-45FA-9698-BEE896A517A3}.debug-net45|Mixed Platforms.ActiveCfg = debug-net45|Any CPU
		{72AFCFE8-C9E9-45FA-9698-BEE896A517A3}.debug-net45|Mixed Platforms.Build.0 = debug-net45|Any CPU
		{72AFCFE8-C9E9-45FA-9698-BEE896A517A3}.debug-net45|x64.ActiveCfg = debug-net45|Any CPU
		{72AFCFE8-C9E9-45FA-9698-BEE896A517A3}.debug-net45|x86.ActiveCfg = debug-net45|Any CPU
		{72AFCFE8-C9E9-45FA-9698-BEE896A517A3}.Release|Any CPU.ActiveCfg = Release|Any CPU
		{72AFCFE8-C9E9-45FA-9698-BEE896A517A3}.Release|Any CPU.Build.0 = Release|Any CPU
		{72AFCFE8-C9E9-45FA-9698-BEE896A517A3}.Release|Mixed Platforms.ActiveCfg = Release|Any CPU
		{72AFCFE8-C9E9-45FA-9698-BEE896A517A3}.Release|Mixed Platforms.Build.0 = Release|Any CPU
		{72AFCFE8-C9E9-45FA-9698-BEE896A517A3}.Release|x64.ActiveCfg = Release|Any CPU
		{72AFCFE8-C9E9-45FA-9698-BEE896A517A3}.Release|x86.ActiveCfg = Release|Any CPU
		{72AFCFE8-C9E9-45FA-9698-BEE896A517A3}.release-net45|Any CPU.ActiveCfg = release-net45|Any CPU
		{72AFCFE8-C9E9-45FA-9698-BEE896A517A3}.release-net45|Any CPU.Build.0 = release-net45|Any CPU
		{72AFCFE8-C9E9-45FA-9698-BEE896A517A3}.release-net45|Mixed Platforms.ActiveCfg = release-net45|Any CPU
		{72AFCFE8-C9E9-45FA-9698-BEE896A517A3}.release-net45|Mixed Platforms.Build.0 = release-net45|Any CPU
		{72AFCFE8-C9E9-45FA-9698-BEE896A517A3}.release-net45|x64.ActiveCfg = release-net45|Any CPU
		{72AFCFE8-C9E9-45FA-9698-BEE896A517A3}.release-net45|x86.ActiveCfg = release-net45|Any CPU
		{72AFCFE8-C9E9-45FA-9698-BEE896A517A3}.Test|Any CPU.ActiveCfg = Release|Any CPU
		{72AFCFE8-C9E9-45FA-9698-BEE896A517A3}.Test|Any CPU.Build.0 = Release|Any CPU
		{72AFCFE8-C9E9-45FA-9698-BEE896A517A3}.Test|Mixed Platforms.ActiveCfg = Release|Any CPU
		{72AFCFE8-C9E9-45FA-9698-BEE896A517A3}.Test|Mixed Platforms.Build.0 = Release|Any CPU
		{72AFCFE8-C9E9-45FA-9698-BEE896A517A3}.Test|x64.ActiveCfg = Release|Any CPU
		{72AFCFE8-C9E9-45FA-9698-BEE896A517A3}.Test|x86.ActiveCfg = Release|Any CPU
		{A2C4864F-8976-4C5B-A2BF-60AE31749BB7}.ChildrenFolder|Any CPU.ActiveCfg = ChildrenFolder|Any CPU
		{A2C4864F-8976-4C5B-A2BF-60AE31749BB7}.ChildrenFolder|Any CPU.Build.0 = ChildrenFolder|Any CPU
		{A2C4864F-8976-4C5B-A2BF-60AE31749BB7}.ChildrenFolder|Mixed Platforms.ActiveCfg = ChildrenFolder|Any CPU
		{A2C4864F-8976-4C5B-A2BF-60AE31749BB7}.ChildrenFolder|Mixed Platforms.Build.0 = ChildrenFolder|Any CPU
		{A2C4864F-8976-4C5B-A2BF-60AE31749BB7}.ChildrenFolder|x64.ActiveCfg = ChildrenFolder|Any CPU
		{A2C4864F-8976-4C5B-A2BF-60AE31749BB7}.ChildrenFolder|x86.ActiveCfg = ChildrenFolder|Any CPU
		{A2C4864F-8976-4C5B-A2BF-60AE31749BB7}.Debug|Any CPU.ActiveCfg = Debug|Any CPU
		{A2C4864F-8976-4C5B-A2BF-60AE31749BB7}.Debug|Any CPU.Build.0 = Debug|Any CPU
		{A2C4864F-8976-4C5B-A2BF-60AE31749BB7}.Debug|Mixed Platforms.ActiveCfg = Debug|Any CPU
		{A2C4864F-8976-4C5B-A2BF-60AE31749BB7}.Debug|Mixed Platforms.Build.0 = Debug|Any CPU
		{A2C4864F-8976-4C5B-A2BF-60AE31749BB7}.Debug|x64.ActiveCfg = Debug|Any CPU
		{A2C4864F-8976-4C5B-A2BF-60AE31749BB7}.Debug|x86.ActiveCfg = Debug|Any CPU
		{A2C4864F-8976-4C5B-A2BF-60AE31749BB7}.Debug|x86.Build.0 = Debug|Any CPU
		{A2C4864F-8976-4C5B-A2BF-60AE31749BB7}.debug-net45|Any CPU.ActiveCfg = debug-net45|Any CPU
		{A2C4864F-8976-4C5B-A2BF-60AE31749BB7}.debug-net45|Any CPU.Build.0 = debug-net45|Any CPU
		{A2C4864F-8976-4C5B-A2BF-60AE31749BB7}.debug-net45|Mixed Platforms.ActiveCfg = debug-net45|Any CPU
		{A2C4864F-8976-4C5B-A2BF-60AE31749BB7}.debug-net45|Mixed Platforms.Build.0 = debug-net45|Any CPU
		{A2C4864F-8976-4C5B-A2BF-60AE31749BB7}.debug-net45|x64.ActiveCfg = debug-net45|Any CPU
		{A2C4864F-8976-4C5B-A2BF-60AE31749BB7}.debug-net45|x86.ActiveCfg = debug-net45|Any CPU
		{A2C4864F-8976-4C5B-A2BF-60AE31749BB7}.Release|Any CPU.ActiveCfg = Release|Any CPU
		{A2C4864F-8976-4C5B-A2BF-60AE31749BB7}.Release|Any CPU.Build.0 = Release|Any CPU
		{A2C4864F-8976-4C5B-A2BF-60AE31749BB7}.Release|Mixed Platforms.ActiveCfg = Release|Any CPU
		{A2C4864F-8976-4C5B-A2BF-60AE31749BB7}.Release|Mixed Platforms.Build.0 = Release|Any CPU
		{A2C4864F-8976-4C5B-A2BF-60AE31749BB7}.Release|x64.ActiveCfg = Release|Any CPU
		{A2C4864F-8976-4C5B-A2BF-60AE31749BB7}.Release|x86.ActiveCfg = Release|Any CPU
		{A2C4864F-8976-4C5B-A2BF-60AE31749BB7}.release-net45|Any CPU.ActiveCfg = release-net45|Any CPU
		{A2C4864F-8976-4C5B-A2BF-60AE31749BB7}.release-net45|Any CPU.Build.0 = release-net45|Any CPU
		{A2C4864F-8976-4C5B-A2BF-60AE31749BB7}.release-net45|Mixed Platforms.ActiveCfg = release-net45|Any CPU
		{A2C4864F-8976-4C5B-A2BF-60AE31749BB7}.release-net45|Mixed Platforms.Build.0 = release-net45|Any CPU
		{A2C4864F-8976-4C5B-A2BF-60AE31749BB7}.release-net45|x64.ActiveCfg = release-net45|Any CPU
		{A2C4864F-8976-4C5B-A2BF-60AE31749BB7}.release-net45|x86.ActiveCfg = release-net45|Any CPU
		{A2C4864F-8976-4C5B-A2BF-60AE31749BB7}.Test|Any CPU.ActiveCfg = release-net45|Any CPU
		{A2C4864F-8976-4C5B-A2BF-60AE31749BB7}.Test|Any CPU.Build.0 = release-net45|Any CPU
		{A2C4864F-8976-4C5B-A2BF-60AE31749BB7}.Test|Mixed Platforms.ActiveCfg = release-net45|Any CPU
		{A2C4864F-8976-4C5B-A2BF-60AE31749BB7}.Test|Mixed Platforms.Build.0 = release-net45|Any CPU
		{A2C4864F-8976-4C5B-A2BF-60AE31749BB7}.Test|x64.ActiveCfg = release-net45|Any CPU
		{A2C4864F-8976-4C5B-A2BF-60AE31749BB7}.Test|x86.ActiveCfg = release-net45|Any CPU
		{8A680813-C83B-497A-85E6-E8F07B7D7650}.ChildrenFolder|Any CPU.ActiveCfg = release-net45|Any CPU
		{8A680813-C83B-497A-85E6-E8F07B7D7650}.ChildrenFolder|Any CPU.Build.0 = release-net45|Any CPU
		{8A680813-C83B-497A-85E6-E8F07B7D7650}.ChildrenFolder|Mixed Platforms.ActiveCfg = release-net45|Any CPU
		{8A680813-C83B-497A-85E6-E8F07B7D7650}.ChildrenFolder|Mixed Platforms.Build.0 = release-net45|Any CPU
		{8A680813-C83B-497A-85E6-E8F07B7D7650}.ChildrenFolder|x64.ActiveCfg = release-net45|Any CPU
		{8A680813-C83B-497A-85E6-E8F07B7D7650}.ChildrenFolder|x86.ActiveCfg = release-net45|Any CPU
		{8A680813-C83B-497A-85E6-E8F07B7D7650}.Debug|Any CPU.ActiveCfg = Debug|Any CPU
		{8A680813-C83B-497A-85E6-E8F07B7D7650}.Debug|Any CPU.Build.0 = Debug|Any CPU
		{8A680813-C83B-497A-85E6-E8F07B7D7650}.Debug|Mixed Platforms.ActiveCfg = Debug|Any CPU
		{8A680813-C83B-497A-85E6-E8F07B7D7650}.Debug|Mixed Platforms.Build.0 = Debug|Any CPU
		{8A680813-C83B-497A-85E6-E8F07B7D7650}.Debug|x64.ActiveCfg = Debug|Any CPU
		{8A680813-C83B-497A-85E6-E8F07B7D7650}.Debug|x86.ActiveCfg = Debug|Any CPU
		{8A680813-C83B-497A-85E6-E8F07B7D7650}.Debug|x86.Build.0 = Debug|Any CPU
		{8A680813-C83B-497A-85E6-E8F07B7D7650}.debug-net45|Any CPU.ActiveCfg = debug-net45|Any CPU
		{8A680813-C83B-497A-85E6-E8F07B7D7650}.debug-net45|Any CPU.Build.0 = debug-net45|Any CPU
		{8A680813-C83B-497A-85E6-E8F07B7D7650}.debug-net45|Mixed Platforms.ActiveCfg = debug-net45|Any CPU
		{8A680813-C83B-497A-85E6-E8F07B7D7650}.debug-net45|Mixed Platforms.Build.0 = debug-net45|Any CPU
		{8A680813-C83B-497A-85E6-E8F07B7D7650}.debug-net45|x64.ActiveCfg = debug-net45|Any CPU
		{8A680813-C83B-497A-85E6-E8F07B7D7650}.debug-net45|x86.ActiveCfg = debug-net45|Any CPU
		{8A680813-C83B-497A-85E6-E8F07B7D7650}.Release|Any CPU.ActiveCfg = Release|Any CPU
		{8A680813-C83B-497A-85E6-E8F07B7D7650}.Release|Any CPU.Build.0 = Release|Any CPU
		{8A680813-C83B-497A-85E6-E8F07B7D7650}.Release|Mixed Platforms.ActiveCfg = Release|Any CPU
		{8A680813-C83B-497A-85E6-E8F07B7D7650}.Release|Mixed Platforms.Build.0 = Release|Any CPU
		{8A680813-C83B-497A-85E6-E8F07B7D7650}.Release|x64.ActiveCfg = Release|Any CPU
		{8A680813-C83B-497A-85E6-E8F07B7D7650}.Release|x86.ActiveCfg = Release|Any CPU
		{8A680813-C83B-497A-85E6-E8F07B7D7650}.release-net45|Any CPU.ActiveCfg = release-net45|Any CPU
		{8A680813-C83B-497A-85E6-E8F07B7D7650}.release-net45|Any CPU.Build.0 = release-net45|Any CPU
		{8A680813-C83B-497A-85E6-E8F07B7D7650}.release-net45|Mixed Platforms.ActiveCfg = release-net45|Any CPU
		{8A680813-C83B-497A-85E6-E8F07B7D7650}.release-net45|Mixed Platforms.Build.0 = release-net45|Any CPU
		{8A680813-C83B-497A-85E6-E8F07B7D7650}.release-net45|x64.ActiveCfg = release-net45|Any CPU
		{8A680813-C83B-497A-85E6-E8F07B7D7650}.release-net45|x86.ActiveCfg = release-net45|Any CPU
		{8A680813-C83B-497A-85E6-E8F07B7D7650}.Test|Any CPU.ActiveCfg = Release|Any CPU
		{8A680813-C83B-497A-85E6-E8F07B7D7650}.Test|Any CPU.Build.0 = Release|Any CPU
		{8A680813-C83B-497A-85E6-E8F07B7D7650}.Test|Mixed Platforms.ActiveCfg = Release|Any CPU
		{8A680813-C83B-497A-85E6-E8F07B7D7650}.Test|Mixed Platforms.Build.0 = Release|Any CPU
		{8A680813-C83B-497A-85E6-E8F07B7D7650}.Test|x64.ActiveCfg = Release|Any CPU
		{8A680813-C83B-497A-85E6-E8F07B7D7650}.Test|x86.ActiveCfg = Release|Any CPU
		{A215E837-1208-49E3-AF93-A9612223122C}.ChildrenFolder|Any CPU.ActiveCfg = Release|Any CPU
		{A215E837-1208-49E3-AF93-A9612223122C}.ChildrenFolder|Any CPU.Build.0 = Release|Any CPU
		{A215E837-1208-49E3-AF93-A9612223122C}.ChildrenFolder|Mixed Platforms.ActiveCfg = Release|Any CPU
		{A215E837-1208-49E3-AF93-A9612223122C}.ChildrenFolder|Mixed Platforms.Build.0 = Release|Any CPU
		{A215E837-1208-49E3-AF93-A9612223122C}.ChildrenFolder|x64.ActiveCfg = Release|Any CPU
		{A215E837-1208-49E3-AF93-A9612223122C}.ChildrenFolder|x86.ActiveCfg = Release|Any CPU
		{A215E837-1208-49E3-AF93-A9612223122C}.Debug|Any CPU.ActiveCfg = Debug|Any CPU
		{A215E837-1208-49E3-AF93-A9612223122C}.Debug|Any CPU.Build.0 = Debug|Any CPU
		{A215E837-1208-49E3-AF93-A9612223122C}.Debug|Mixed Platforms.ActiveCfg = Debug|Any CPU
		{A215E837-1208-49E3-AF93-A9612223122C}.Debug|Mixed Platforms.Build.0 = Debug|Any CPU
		{A215E837-1208-49E3-AF93-A9612223122C}.Debug|x64.ActiveCfg = Debug|Any CPU
		{A215E837-1208-49E3-AF93-A9612223122C}.Debug|x86.ActiveCfg = Debug|Any CPU
		{A215E837-1208-49E3-AF93-A9612223122C}.Debug|x86.Build.0 = Debug|Any CPU
		{A215E837-1208-49E3-AF93-A9612223122C}.debug-net45|Any CPU.ActiveCfg = Debug|Any CPU
		{A215E837-1208-49E3-AF93-A9612223122C}.debug-net45|Any CPU.Build.0 = Debug|Any CPU
		{A215E837-1208-49E3-AF93-A9612223122C}.debug-net45|Mixed Platforms.ActiveCfg = Debug|Any CPU
		{A215E837-1208-49E3-AF93-A9612223122C}.debug-net45|Mixed Platforms.Build.0 = Debug|Any CPU
		{A215E837-1208-49E3-AF93-A9612223122C}.debug-net45|x64.ActiveCfg = Debug|Any CPU
		{A215E837-1208-49E3-AF93-A9612223122C}.debug-net45|x86.ActiveCfg = Debug|Any CPU
		{A215E837-1208-49E3-AF93-A9612223122C}.Release|Any CPU.ActiveCfg = Release|Any CPU
		{A215E837-1208-49E3-AF93-A9612223122C}.Release|Any CPU.Build.0 = Release|Any CPU
		{A215E837-1208-49E3-AF93-A9612223122C}.Release|Mixed Platforms.ActiveCfg = Release|Any CPU
		{A215E837-1208-49E3-AF93-A9612223122C}.Release|Mixed Platforms.Build.0 = Release|Any CPU
		{A215E837-1208-49E3-AF93-A9612223122C}.Release|x64.ActiveCfg = Release|Any CPU
		{A215E837-1208-49E3-AF93-A9612223122C}.Release|x86.ActiveCfg = Release|Any CPU
		{A215E837-1208-49E3-AF93-A9612223122C}.release-net45|Any CPU.ActiveCfg = Release|Any CPU
		{A215E837-1208-49E3-AF93-A9612223122C}.release-net45|Any CPU.Build.0 = Release|Any CPU
		{A215E837-1208-49E3-AF93-A9612223122C}.release-net45|Mixed Platforms.ActiveCfg = Release|Any CPU
		{A215E837-1208-49E3-AF93-A9612223122C}.release-net45|Mixed Platforms.Build.0 = Release|Any CPU
		{A215E837-1208-49E3-AF93-A9612223122C}.release-net45|x64.ActiveCfg = Release|Any CPU
		{A215E837-1208-49E3-AF93-A9612223122C}.release-net45|x86.ActiveCfg = Release|Any CPU
		{A215E837-1208-49E3-AF93-A9612223122C}.Test|Any CPU.ActiveCfg = Debug|Any CPU
		{A215E837-1208-49E3-AF93-A9612223122C}.Test|Any CPU.Build.0 = Debug|Any CPU
		{A215E837-1208-49E3-AF93-A9612223122C}.Test|Mixed Platforms.ActiveCfg = Debug|Any CPU
		{A215E837-1208-49E3-AF93-A9612223122C}.Test|Mixed Platforms.Build.0 = Debug|Any CPU
		{A215E837-1208-49E3-AF93-A9612223122C}.Test|x64.ActiveCfg = Debug|Any CPU
		{A215E837-1208-49E3-AF93-A9612223122C}.Test|x86.ActiveCfg = Debug|Any CPU
		{A30EB5BC-959B-4031-8D90-51F045AF3E6D}.ChildrenFolder|Any CPU.ActiveCfg = Release|Any CPU
		{A30EB5BC-959B-4031-8D90-51F045AF3E6D}.ChildrenFolder|Any CPU.Build.0 = Release|Any CPU
		{A30EB5BC-959B-4031-8D90-51F045AF3E6D}.ChildrenFolder|Mixed Platforms.ActiveCfg = Release|Any CPU
		{A30EB5BC-959B-4031-8D90-51F045AF3E6D}.ChildrenFolder|Mixed Platforms.Build.0 = Release|Any CPU
		{A30EB5BC-959B-4031-8D90-51F045AF3E6D}.ChildrenFolder|x64.ActiveCfg = Release|Any CPU
		{A30EB5BC-959B-4031-8D90-51F045AF3E6D}.ChildrenFolder|x86.ActiveCfg = Release|Any CPU
		{A30EB5BC-959B-4031-8D90-51F045AF3E6D}.Debug|Any CPU.ActiveCfg = Debug|Any CPU
		{A30EB5BC-959B-4031-8D90-51F045AF3E6D}.Debug|Any CPU.Build.0 = Debug|Any CPU
		{A30EB5BC-959B-4031-8D90-51F045AF3E6D}.Debug|Mixed Platforms.ActiveCfg = Debug|Any CPU
		{A30EB5BC-959B-4031-8D90-51F045AF3E6D}.Debug|Mixed Platforms.Build.0 = Debug|Any CPU
		{A30EB5BC-959B-4031-8D90-51F045AF3E6D}.Debug|x64.ActiveCfg = Debug|Any CPU
		{A30EB5BC-959B-4031-8D90-51F045AF3E6D}.Debug|x86.ActiveCfg = Debug|Any CPU
		{A30EB5BC-959B-4031-8D90-51F045AF3E6D}.Debug|x86.Build.0 = Debug|Any CPU
		{A30EB5BC-959B-4031-8D90-51F045AF3E6D}.debug-net45|Any CPU.ActiveCfg = Debug|Any CPU
		{A30EB5BC-959B-4031-8D90-51F045AF3E6D}.debug-net45|Any CPU.Build.0 = Debug|Any CPU
		{A30EB5BC-959B-4031-8D90-51F045AF3E6D}.debug-net45|Mixed Platforms.ActiveCfg = Debug|Any CPU
		{A30EB5BC-959B-4031-8D90-51F045AF3E6D}.debug-net45|Mixed Platforms.Build.0 = Debug|Any CPU
		{A30EB5BC-959B-4031-8D90-51F045AF3E6D}.debug-net45|x64.ActiveCfg = Debug|Any CPU
		{A30EB5BC-959B-4031-8D90-51F045AF3E6D}.debug-net45|x86.ActiveCfg = Debug|Any CPU
		{A30EB5BC-959B-4031-8D90-51F045AF3E6D}.Release|Any CPU.ActiveCfg = Release|Any CPU
		{A30EB5BC-959B-4031-8D90-51F045AF3E6D}.Release|Any CPU.Build.0 = Release|Any CPU
		{A30EB5BC-959B-4031-8D90-51F045AF3E6D}.Release|Mixed Platforms.ActiveCfg = Release|Any CPU
		{A30EB5BC-959B-4031-8D90-51F045AF3E6D}.Release|Mixed Platforms.Build.0 = Release|Any CPU
		{A30EB5BC-959B-4031-8D90-51F045AF3E6D}.Release|x64.ActiveCfg = Release|Any CPU
		{A30EB5BC-959B-4031-8D90-51F045AF3E6D}.Release|x86.ActiveCfg = Release|Any CPU
		{A30EB5BC-959B-4031-8D90-51F045AF3E6D}.release-net45|Any CPU.ActiveCfg = Release|Any CPU
		{A30EB5BC-959B-4031-8D90-51F045AF3E6D}.release-net45|Any CPU.Build.0 = Release|Any CPU
		{A30EB5BC-959B-4031-8D90-51F045AF3E6D}.release-net45|Mixed Platforms.ActiveCfg = Release|Any CPU
		{A30EB5BC-959B-4031-8D90-51F045AF3E6D}.release-net45|Mixed Platforms.Build.0 = Release|Any CPU
		{A30EB5BC-959B-4031-8D90-51F045AF3E6D}.release-net45|x64.ActiveCfg = Release|Any CPU
		{A30EB5BC-959B-4031-8D90-51F045AF3E6D}.release-net45|x86.ActiveCfg = Release|Any CPU
		{A30EB5BC-959B-4031-8D90-51F045AF3E6D}.Test|Any CPU.ActiveCfg = Debug|Any CPU
		{A30EB5BC-959B-4031-8D90-51F045AF3E6D}.Test|Any CPU.Build.0 = Debug|Any CPU
		{A30EB5BC-959B-4031-8D90-51F045AF3E6D}.Test|Mixed Platforms.ActiveCfg = Debug|Any CPU
		{A30EB5BC-959B-4031-8D90-51F045AF3E6D}.Test|Mixed Platforms.Build.0 = Debug|Any CPU
		{A30EB5BC-959B-4031-8D90-51F045AF3E6D}.Test|x64.ActiveCfg = Debug|Any CPU
		{A30EB5BC-959B-4031-8D90-51F045AF3E6D}.Test|x86.ActiveCfg = Debug|Any CPU
		{9BEAF831-A523-497D-876A-03ED07FD0B95}.ChildrenFolder|Any CPU.ActiveCfg = Release|Any CPU
		{9BEAF831-A523-497D-876A-03ED07FD0B95}.ChildrenFolder|Any CPU.Build.0 = Release|Any CPU
		{9BEAF831-A523-497D-876A-03ED07FD0B95}.ChildrenFolder|Mixed Platforms.ActiveCfg = Release|Any CPU
		{9BEAF831-A523-497D-876A-03ED07FD0B95}.ChildrenFolder|Mixed Platforms.Build.0 = Release|Any CPU
		{9BEAF831-A523-497D-876A-03ED07FD0B95}.ChildrenFolder|x64.ActiveCfg = Release|Any CPU
		{9BEAF831-A523-497D-876A-03ED07FD0B95}.ChildrenFolder|x86.ActiveCfg = Release|Any CPU
		{9BEAF831-A523-497D-876A-03ED07FD0B95}.Debug|Any CPU.ActiveCfg = Debug|Any CPU
		{9BEAF831-A523-497D-876A-03ED07FD0B95}.Debug|Any CPU.Build.0 = Debug|Any CPU
		{9BEAF831-A523-497D-876A-03ED07FD0B95}.Debug|Mixed Platforms.ActiveCfg = Debug|Any CPU
		{9BEAF831-A523-497D-876A-03ED07FD0B95}.Debug|Mixed Platforms.Build.0 = Debug|Any CPU
		{9BEAF831-A523-497D-876A-03ED07FD0B95}.Debug|x64.ActiveCfg = Debug|Any CPU
		{9BEAF831-A523-497D-876A-03ED07FD0B95}.Debug|x86.ActiveCfg = Debug|Any CPU
		{9BEAF831-A523-497D-876A-03ED07FD0B95}.Debug|x86.Build.0 = Debug|Any CPU
		{9BEAF831-A523-497D-876A-03ED07FD0B95}.debug-net45|Any CPU.ActiveCfg = Debug|Any CPU
		{9BEAF831-A523-497D-876A-03ED07FD0B95}.debug-net45|Any CPU.Build.0 = Debug|Any CPU
		{9BEAF831-A523-497D-876A-03ED07FD0B95}.debug-net45|Mixed Platforms.ActiveCfg = Debug|Any CPU
		{9BEAF831-A523-497D-876A-03ED07FD0B95}.debug-net45|Mixed Platforms.Build.0 = Debug|Any CPU
		{9BEAF831-A523-497D-876A-03ED07FD0B95}.debug-net45|x64.ActiveCfg = Debug|Any CPU
		{9BEAF831-A523-497D-876A-03ED07FD0B95}.debug-net45|x86.ActiveCfg = Debug|Any CPU
		{9BEAF831-A523-497D-876A-03ED07FD0B95}.Release|Any CPU.ActiveCfg = Release|Any CPU
		{9BEAF831-A523-497D-876A-03ED07FD0B95}.Release|Any CPU.Build.0 = Release|Any CPU
		{9BEAF831-A523-497D-876A-03ED07FD0B95}.Release|Mixed Platforms.ActiveCfg = Release|Any CPU
		{9BEAF831-A523-497D-876A-03ED07FD0B95}.Release|Mixed Platforms.Build.0 = Release|Any CPU
		{9BEAF831-A523-497D-876A-03ED07FD0B95}.Release|x64.ActiveCfg = Release|Any CPU
		{9BEAF831-A523-497D-876A-03ED07FD0B95}.Release|x86.ActiveCfg = Release|Any CPU
		{9BEAF831-A523-497D-876A-03ED07FD0B95}.release-net45|Any CPU.ActiveCfg = Release|Any CPU
		{9BEAF831-A523-497D-876A-03ED07FD0B95}.release-net45|Any CPU.Build.0 = Release|Any CPU
		{9BEAF831-A523-497D-876A-03ED07FD0B95}.release-net45|Mixed Platforms.ActiveCfg = Release|Any CPU
		{9BEAF831-A523-497D-876A-03ED07FD0B95}.release-net45|Mixed Platforms.Build.0 = Release|Any CPU
		{9BEAF831-A523-497D-876A-03ED07FD0B95}.release-net45|x64.ActiveCfg = Release|Any CPU
		{9BEAF831-A523-497D-876A-03ED07FD0B95}.release-net45|x86.ActiveCfg = Release|Any CPU
		{9BEAF831-A523-497D-876A-03ED07FD0B95}.Test|Any CPU.ActiveCfg = Test|Any CPU
		{9BEAF831-A523-497D-876A-03ED07FD0B95}.Test|Any CPU.Build.0 = Test|Any CPU
		{9BEAF831-A523-497D-876A-03ED07FD0B95}.Test|Mixed Platforms.ActiveCfg = Test|Any CPU
		{9BEAF831-A523-497D-876A-03ED07FD0B95}.Test|Mixed Platforms.Build.0 = Test|Any CPU
		{9BEAF831-A523-497D-876A-03ED07FD0B95}.Test|x64.ActiveCfg = Test|Any CPU
		{9BEAF831-A523-497D-876A-03ED07FD0B95}.Test|x86.ActiveCfg = Test|Any CPU
		{95E2C313-46FA-4B4B-9EFF-3228662908F4}.ChildrenFolder|Any CPU.ActiveCfg = Release|Any CPU
		{95E2C313-46FA-4B4B-9EFF-3228662908F4}.ChildrenFolder|Any CPU.Build.0 = Release|Any CPU
		{95E2C313-46FA-4B4B-9EFF-3228662908F4}.ChildrenFolder|Mixed Platforms.ActiveCfg = Release|Any CPU
		{95E2C313-46FA-4B4B-9EFF-3228662908F4}.ChildrenFolder|Mixed Platforms.Build.0 = Release|Any CPU
		{95E2C313-46FA-4B4B-9EFF-3228662908F4}.ChildrenFolder|x64.ActiveCfg = Release|Any CPU
		{95E2C313-46FA-4B4B-9EFF-3228662908F4}.ChildrenFolder|x86.ActiveCfg = Release|Any CPU
		{95E2C313-46FA-4B4B-9EFF-3228662908F4}.Debug|Any CPU.ActiveCfg = Debug|Any CPU
		{95E2C313-46FA-4B4B-9EFF-3228662908F4}.Debug|Any CPU.Build.0 = Debug|Any CPU
		{95E2C313-46FA-4B4B-9EFF-3228662908F4}.Debug|Mixed Platforms.ActiveCfg = Debug|Any CPU
		{95E2C313-46FA-4B4B-9EFF-3228662908F4}.Debug|Mixed Platforms.Build.0 = Debug|Any CPU
		{95E2C313-46FA-4B4B-9EFF-3228662908F4}.Debug|x64.ActiveCfg = Debug|Any CPU
		{95E2C313-46FA-4B4B-9EFF-3228662908F4}.Debug|x86.ActiveCfg = Debug|Any CPU
		{95E2C313-46FA-4B4B-9EFF-3228662908F4}.Debug|x86.Build.0 = Debug|Any CPU
		{95E2C313-46FA-4B4B-9EFF-3228662908F4}.debug-net45|Any CPU.ActiveCfg = Debug|Any CPU
		{95E2C313-46FA-4B4B-9EFF-3228662908F4}.debug-net45|Any CPU.Build.0 = Debug|Any CPU
		{95E2C313-46FA-4B4B-9EFF-3228662908F4}.debug-net45|Mixed Platforms.ActiveCfg = Debug|Any CPU
		{95E2C313-46FA-4B4B-9EFF-3228662908F4}.debug-net45|Mixed Platforms.Build.0 = Debug|Any CPU
		{95E2C313-46FA-4B4B-9EFF-3228662908F4}.debug-net45|x64.ActiveCfg = Debug|Any CPU
		{95E2C313-46FA-4B4B-9EFF-3228662908F4}.debug-net45|x86.ActiveCfg = Debug|Any CPU
		{95E2C313-46FA-4B4B-9EFF-3228662908F4}.Release|Any CPU.ActiveCfg = Release|Any CPU
		{95E2C313-46FA-4B4B-9EFF-3228662908F4}.Release|Any CPU.Build.0 = Release|Any CPU
		{95E2C313-46FA-4B4B-9EFF-3228662908F4}.Release|Mixed Platforms.ActiveCfg = Release|Any CPU
		{95E2C313-46FA-4B4B-9EFF-3228662908F4}.Release|Mixed Platforms.Build.0 = Release|Any CPU
		{95E2C313-46FA-4B4B-9EFF-3228662908F4}.Release|x64.ActiveCfg = Release|Any CPU
		{95E2C313-46FA-4B4B-9EFF-3228662908F4}.Release|x86.ActiveCfg = Release|Any CPU
		{95E2C313-46FA-4B4B-9EFF-3228662908F4}.release-net45|Any CPU.ActiveCfg = Release|Any CPU
		{95E2C313-46FA-4B4B-9EFF-3228662908F4}.release-net45|Any CPU.Build.0 = Release|Any CPU
		{95E2C313-46FA-4B4B-9EFF-3228662908F4}.release-net45|Mixed Platforms.ActiveCfg = Release|Any CPU
		{95E2C313-46FA-4B4B-9EFF-3228662908F4}.release-net45|Mixed Platforms.Build.0 = Release|Any CPU
		{95E2C313-46FA-4B4B-9EFF-3228662908F4}.release-net45|x64.ActiveCfg = Release|Any CPU
		{95E2C313-46FA-4B4B-9EFF-3228662908F4}.release-net45|x86.ActiveCfg = Release|Any CPU
		{95E2C313-46FA-4B4B-9EFF-3228662908F4}.Test|Any CPU.ActiveCfg = Debug|Any CPU
		{95E2C313-46FA-4B4B-9EFF-3228662908F4}.Test|Any CPU.Build.0 = Debug|Any CPU
		{95E2C313-46FA-4B4B-9EFF-3228662908F4}.Test|Mixed Platforms.ActiveCfg = Debug|Any CPU
		{95E2C313-46FA-4B4B-9EFF-3228662908F4}.Test|Mixed Platforms.Build.0 = Debug|Any CPU
		{95E2C313-46FA-4B4B-9EFF-3228662908F4}.Test|x64.ActiveCfg = Debug|Any CPU
		{95E2C313-46FA-4B4B-9EFF-3228662908F4}.Test|x86.ActiveCfg = Debug|Any CPU
		{D3BA9766-79FD-4DC9-9A44-B847C6625E0A}.ChildrenFolder|Any CPU.ActiveCfg = Release|Any CPU
		{D3BA9766-79FD-4DC9-9A44-B847C6625E0A}.ChildrenFolder|Any CPU.Build.0 = Release|Any CPU
		{D3BA9766-79FD-4DC9-9A44-B847C6625E0A}.ChildrenFolder|Mixed Platforms.ActiveCfg = Release|Any CPU
		{D3BA9766-79FD-4DC9-9A44-B847C6625E0A}.ChildrenFolder|Mixed Platforms.Build.0 = Release|Any CPU
		{D3BA9766-79FD-4DC9-9A44-B847C6625E0A}.ChildrenFolder|x64.ActiveCfg = Release|Any CPU
		{D3BA9766-79FD-4DC9-9A44-B847C6625E0A}.ChildrenFolder|x86.ActiveCfg = Release|Any CPU
		{D3BA9766-79FD-4DC9-9A44-B847C6625E0A}.Debug|Any CPU.ActiveCfg = Debug|Any CPU
		{D3BA9766-79FD-4DC9-9A44-B847C6625E0A}.Debug|Any CPU.Build.0 = Debug|Any CPU
		{D3BA9766-79FD-4DC9-9A44-B847C6625E0A}.Debug|Mixed Platforms.ActiveCfg = Debug|Any CPU
		{D3BA9766-79FD-4DC9-9A44-B847C6625E0A}.Debug|Mixed Platforms.Build.0 = Debug|Any CPU
		{D3BA9766-79FD-4DC9-9A44-B847C6625E0A}.Debug|x64.ActiveCfg = Debug|Any CPU
		{D3BA9766-79FD-4DC9-9A44-B847C6625E0A}.Debug|x86.ActiveCfg = Debug|Any CPU
		{D3BA9766-79FD-4DC9-9A44-B847C6625E0A}.Debug|x86.Build.0 = Debug|Any CPU
		{D3BA9766-79FD-4DC9-9A44-B847C6625E0A}.debug-net45|Any CPU.ActiveCfg = Debug|Any CPU
		{D3BA9766-79FD-4DC9-9A44-B847C6625E0A}.debug-net45|Any CPU.Build.0 = Debug|Any CPU
		{D3BA9766-79FD-4DC9-9A44-B847C6625E0A}.debug-net45|Mixed Platforms.ActiveCfg = Debug|Any CPU
		{D3BA9766-79FD-4DC9-9A44-B847C6625E0A}.debug-net45|Mixed Platforms.Build.0 = Debug|Any CPU
		{D3BA9766-79FD-4DC9-9A44-B847C6625E0A}.debug-net45|x64.ActiveCfg = Debug|Any CPU
		{D3BA9766-79FD-4DC9-9A44-B847C6625E0A}.debug-net45|x86.ActiveCfg = Debug|Any CPU
		{D3BA9766-79FD-4DC9-9A44-B847C6625E0A}.Release|Any CPU.ActiveCfg = Release|Any CPU
		{D3BA9766-79FD-4DC9-9A44-B847C6625E0A}.Release|Any CPU.Build.0 = Release|Any CPU
		{D3BA9766-79FD-4DC9-9A44-B847C6625E0A}.Release|Mixed Platforms.ActiveCfg = Release|Any CPU
		{D3BA9766-79FD-4DC9-9A44-B847C6625E0A}.Release|Mixed Platforms.Build.0 = Release|Any CPU
		{D3BA9766-79FD-4DC9-9A44-B847C6625E0A}.Release|x64.ActiveCfg = Release|Any CPU
		{D3BA9766-79FD-4DC9-9A44-B847C6625E0A}.Release|x86.ActiveCfg = Release|Any CPU
		{D3BA9766-79FD-4DC9-9A44-B847C6625E0A}.release-net45|Any CPU.ActiveCfg = Release|Any CPU
		{D3BA9766-79FD-4DC9-9A44-B847C6625E0A}.release-net45|Any CPU.Build.0 = Release|Any CPU
		{D3BA9766-79FD-4DC9-9A44-B847C6625E0A}.release-net45|Mixed Platforms.ActiveCfg = Release|Any CPU
		{D3BA9766-79FD-4DC9-9A44-B847C6625E0A}.release-net45|Mixed Platforms.Build.0 = Release|Any CPU
		{D3BA9766-79FD-4DC9-9A44-B847C6625E0A}.release-net45|x64.ActiveCfg = Release|Any CPU
		{D3BA9766-79FD-4DC9-9A44-B847C6625E0A}.release-net45|x86.ActiveCfg = Release|Any CPU
		{D3BA9766-79FD-4DC9-9A44-B847C6625E0A}.Test|Any CPU.ActiveCfg = Debug|Any CPU
		{D3BA9766-79FD-4DC9-9A44-B847C6625E0A}.Test|Any CPU.Build.0 = Debug|Any CPU
		{D3BA9766-79FD-4DC9-9A44-B847C6625E0A}.Test|Mixed Platforms.ActiveCfg = Debug|Any CPU
		{D3BA9766-79FD-4DC9-9A44-B847C6625E0A}.Test|Mixed Platforms.Build.0 = Debug|Any CPU
		{D3BA9766-79FD-4DC9-9A44-B847C6625E0A}.Test|x64.ActiveCfg = Debug|Any CPU
		{D3BA9766-79FD-4DC9-9A44-B847C6625E0A}.Test|x86.ActiveCfg = Debug|Any CPU
		{3D0FEB94-663A-421F-B28E-621E365879D7}.ChildrenFolder|Any CPU.ActiveCfg = Release|Any CPU
		{3D0FEB94-663A-421F-B28E-621E365879D7}.ChildrenFolder|Any CPU.Build.0 = Release|Any CPU
		{3D0FEB94-663A-421F-B28E-621E365879D7}.ChildrenFolder|Mixed Platforms.ActiveCfg = Release|Any CPU
		{3D0FEB94-663A-421F-B28E-621E365879D7}.ChildrenFolder|Mixed Platforms.Build.0 = Release|Any CPU
		{3D0FEB94-663A-421F-B28E-621E365879D7}.ChildrenFolder|x64.ActiveCfg = Release|Any CPU
		{3D0FEB94-663A-421F-B28E-621E365879D7}.ChildrenFolder|x86.ActiveCfg = Release|Any CPU
		{3D0FEB94-663A-421F-B28E-621E365879D7}.Debug|Any CPU.ActiveCfg = Debug|Any CPU
		{3D0FEB94-663A-421F-B28E-621E365879D7}.Debug|Any CPU.Build.0 = Debug|Any CPU
		{3D0FEB94-663A-421F-B28E-621E365879D7}.Debug|Mixed Platforms.ActiveCfg = Debug|Any CPU
		{3D0FEB94-663A-421F-B28E-621E365879D7}.Debug|Mixed Platforms.Build.0 = Debug|Any CPU
		{3D0FEB94-663A-421F-B28E-621E365879D7}.Debug|x64.ActiveCfg = Debug|Any CPU
		{3D0FEB94-663A-421F-B28E-621E365879D7}.Debug|x86.ActiveCfg = Debug|Any CPU
		{3D0FEB94-663A-421F-B28E-621E365879D7}.Debug|x86.Build.0 = Debug|Any CPU
		{3D0FEB94-663A-421F-B28E-621E365879D7}.debug-net45|Any CPU.ActiveCfg = Debug|Any CPU
		{3D0FEB94-663A-421F-B28E-621E365879D7}.debug-net45|Any CPU.Build.0 = Debug|Any CPU
		{3D0FEB94-663A-421F-B28E-621E365879D7}.debug-net45|Mixed Platforms.ActiveCfg = Debug|Any CPU
		{3D0FEB94-663A-421F-B28E-621E365879D7}.debug-net45|Mixed Platforms.Build.0 = Debug|Any CPU
		{3D0FEB94-663A-421F-B28E-621E365879D7}.debug-net45|x64.ActiveCfg = Debug|Any CPU
		{3D0FEB94-663A-421F-B28E-621E365879D7}.debug-net45|x86.ActiveCfg = Debug|Any CPU
		{3D0FEB94-663A-421F-B28E-621E365879D7}.Release|Any CPU.ActiveCfg = Release|Any CPU
		{3D0FEB94-663A-421F-B28E-621E365879D7}.Release|Any CPU.Build.0 = Release|Any CPU
		{3D0FEB94-663A-421F-B28E-621E365879D7}.Release|Mixed Platforms.ActiveCfg = Release|Any CPU
		{3D0FEB94-663A-421F-B28E-621E365879D7}.Release|Mixed Platforms.Build.0 = Release|Any CPU
		{3D0FEB94-663A-421F-B28E-621E365879D7}.Release|x64.ActiveCfg = Release|Any CPU
		{3D0FEB94-663A-421F-B28E-621E365879D7}.Release|x86.ActiveCfg = Release|Any CPU
		{3D0FEB94-663A-421F-B28E-621E365879D7}.release-net45|Any CPU.ActiveCfg = Release|Any CPU
		{3D0FEB94-663A-421F-B28E-621E365879D7}.release-net45|Any CPU.Build.0 = Release|Any CPU
		{3D0FEB94-663A-421F-B28E-621E365879D7}.release-net45|Mixed Platforms.ActiveCfg = Release|Any CPU
		{3D0FEB94-663A-421F-B28E-621E365879D7}.release-net45|Mixed Platforms.Build.0 = Release|Any CPU
		{3D0FEB94-663A-421F-B28E-621E365879D7}.release-net45|x64.ActiveCfg = Release|Any CPU
		{3D0FEB94-663A-421F-B28E-621E365879D7}.release-net45|x86.ActiveCfg = Release|Any CPU
		{3D0FEB94-663A-421F-B28E-621E365879D7}.Test|Any CPU.ActiveCfg = Debug|Any CPU
		{3D0FEB94-663A-421F-B28E-621E365879D7}.Test|Any CPU.Build.0 = Debug|Any CPU
		{3D0FEB94-663A-421F-B28E-621E365879D7}.Test|Mixed Platforms.ActiveCfg = Debug|Any CPU
		{3D0FEB94-663A-421F-B28E-621E365879D7}.Test|Mixed Platforms.Build.0 = Debug|Any CPU
		{3D0FEB94-663A-421F-B28E-621E365879D7}.Test|x64.ActiveCfg = Debug|Any CPU
		{3D0FEB94-663A-421F-B28E-621E365879D7}.Test|x86.ActiveCfg = Debug|Any CPU
		{A22769FD-8F8C-41D5-83E5-6DA27A3B7331}.ChildrenFolder|Any CPU.ActiveCfg = Release|Any CPU
		{A22769FD-8F8C-41D5-83E5-6DA27A3B7331}.ChildrenFolder|Any CPU.Build.0 = Release|Any CPU
		{A22769FD-8F8C-41D5-83E5-6DA27A3B7331}.ChildrenFolder|Mixed Platforms.ActiveCfg = Release|Any CPU
		{A22769FD-8F8C-41D5-83E5-6DA27A3B7331}.ChildrenFolder|Mixed Platforms.Build.0 = Release|Any CPU
		{A22769FD-8F8C-41D5-83E5-6DA27A3B7331}.ChildrenFolder|x64.ActiveCfg = Release|Any CPU
		{A22769FD-8F8C-41D5-83E5-6DA27A3B7331}.ChildrenFolder|x86.ActiveCfg = Release|Any CPU
		{A22769FD-8F8C-41D5-83E5-6DA27A3B7331}.Debug|Any CPU.ActiveCfg = Debug|Any CPU
		{A22769FD-8F8C-41D5-83E5-6DA27A3B7331}.Debug|Any CPU.Build.0 = Debug|Any CPU
		{A22769FD-8F8C-41D5-83E5-6DA27A3B7331}.Debug|Mixed Platforms.ActiveCfg = Debug|Any CPU
		{A22769FD-8F8C-41D5-83E5-6DA27A3B7331}.Debug|Mixed Platforms.Build.0 = Debug|Any CPU
		{A22769FD-8F8C-41D5-83E5-6DA27A3B7331}.Debug|x64.ActiveCfg = Debug|Any CPU
		{A22769FD-8F8C-41D5-83E5-6DA27A3B7331}.Debug|x86.ActiveCfg = Debug|Any CPU
		{A22769FD-8F8C-41D5-83E5-6DA27A3B7331}.Debug|x86.Build.0 = Debug|Any CPU
		{A22769FD-8F8C-41D5-83E5-6DA27A3B7331}.debug-net45|Any CPU.ActiveCfg = Debug|Any CPU
		{A22769FD-8F8C-41D5-83E5-6DA27A3B7331}.debug-net45|Any CPU.Build.0 = Debug|Any CPU
		{A22769FD-8F8C-41D5-83E5-6DA27A3B7331}.debug-net45|Mixed Platforms.ActiveCfg = Debug|Any CPU
		{A22769FD-8F8C-41D5-83E5-6DA27A3B7331}.debug-net45|Mixed Platforms.Build.0 = Debug|Any CPU
		{A22769FD-8F8C-41D5-83E5-6DA27A3B7331}.debug-net45|x64.ActiveCfg = Debug|Any CPU
		{A22769FD-8F8C-41D5-83E5-6DA27A3B7331}.debug-net45|x86.ActiveCfg = Debug|Any CPU
		{A22769FD-8F8C-41D5-83E5-6DA27A3B7331}.Release|Any CPU.ActiveCfg = Release|Any CPU
		{A22769FD-8F8C-41D5-83E5-6DA27A3B7331}.Release|Any CPU.Build.0 = Release|Any CPU
		{A22769FD-8F8C-41D5-83E5-6DA27A3B7331}.Release|Mixed Platforms.ActiveCfg = Release|Any CPU
		{A22769FD-8F8C-41D5-83E5-6DA27A3B7331}.Release|Mixed Platforms.Build.0 = Release|Any CPU
		{A22769FD-8F8C-41D5-83E5-6DA27A3B7331}.Release|x64.ActiveCfg = Release|Any CPU
		{A22769FD-8F8C-41D5-83E5-6DA27A3B7331}.Release|x86.ActiveCfg = Release|Any CPU
		{A22769FD-8F8C-41D5-83E5-6DA27A3B7331}.release-net45|Any CPU.ActiveCfg = Release|Any CPU
		{A22769FD-8F8C-41D5-83E5-6DA27A3B7331}.release-net45|Any CPU.Build.0 = Release|Any CPU
		{A22769FD-8F8C-41D5-83E5-6DA27A3B7331}.release-net45|Mixed Platforms.ActiveCfg = Release|Any CPU
		{A22769FD-8F8C-41D5-83E5-6DA27A3B7331}.release-net45|Mixed Platforms.Build.0 = Release|Any CPU
		{A22769FD-8F8C-41D5-83E5-6DA27A3B7331}.release-net45|x64.ActiveCfg = Release|Any CPU
		{A22769FD-8F8C-41D5-83E5-6DA27A3B7331}.release-net45|x86.ActiveCfg = Release|Any CPU
		{A22769FD-8F8C-41D5-83E5-6DA27A3B7331}.Test|Any CPU.ActiveCfg = Debug|Any CPU
		{A22769FD-8F8C-41D5-83E5-6DA27A3B7331}.Test|Any CPU.Build.0 = Debug|Any CPU
		{A22769FD-8F8C-41D5-83E5-6DA27A3B7331}.Test|Mixed Platforms.ActiveCfg = Debug|Any CPU
		{A22769FD-8F8C-41D5-83E5-6DA27A3B7331}.Test|Mixed Platforms.Build.0 = Debug|Any CPU
		{A22769FD-8F8C-41D5-83E5-6DA27A3B7331}.Test|x64.ActiveCfg = Debug|Any CPU
		{A22769FD-8F8C-41D5-83E5-6DA27A3B7331}.Test|x86.ActiveCfg = Debug|Any CPU
		{D6853570-4238-430A-ADFE-3CAACE172954}.ChildrenFolder|Any CPU.ActiveCfg = Release|Any CPU
		{D6853570-4238-430A-ADFE-3CAACE172954}.ChildrenFolder|Any CPU.Build.0 = Release|Any CPU
		{D6853570-4238-430A-ADFE-3CAACE172954}.ChildrenFolder|Mixed Platforms.ActiveCfg = Release|Any CPU
		{D6853570-4238-430A-ADFE-3CAACE172954}.ChildrenFolder|Mixed Platforms.Build.0 = Release|Any CPU
		{D6853570-4238-430A-ADFE-3CAACE172954}.ChildrenFolder|x64.ActiveCfg = Release|Any CPU
		{D6853570-4238-430A-ADFE-3CAACE172954}.ChildrenFolder|x86.ActiveCfg = Release|Any CPU
		{D6853570-4238-430A-ADFE-3CAACE172954}.Debug|Any CPU.ActiveCfg = Debug|Any CPU
		{D6853570-4238-430A-ADFE-3CAACE172954}.Debug|Any CPU.Build.0 = Debug|Any CPU
		{D6853570-4238-430A-ADFE-3CAACE172954}.Debug|Mixed Platforms.ActiveCfg = Debug|Any CPU
		{D6853570-4238-430A-ADFE-3CAACE172954}.Debug|Mixed Platforms.Build.0 = Debug|Any CPU
		{D6853570-4238-430A-ADFE-3CAACE172954}.Debug|x64.ActiveCfg = Debug|Any CPU
		{D6853570-4238-430A-ADFE-3CAACE172954}.Debug|x86.ActiveCfg = Debug|Any CPU
		{D6853570-4238-430A-ADFE-3CAACE172954}.Debug|x86.Build.0 = Debug|Any CPU
		{D6853570-4238-430A-ADFE-3CAACE172954}.debug-net45|Any CPU.ActiveCfg = Debug|Any CPU
		{D6853570-4238-430A-ADFE-3CAACE172954}.debug-net45|Any CPU.Build.0 = Debug|Any CPU
		{D6853570-4238-430A-ADFE-3CAACE172954}.debug-net45|Mixed Platforms.ActiveCfg = Debug|Any CPU
		{D6853570-4238-430A-ADFE-3CAACE172954}.debug-net45|Mixed Platforms.Build.0 = Debug|Any CPU
		{D6853570-4238-430A-ADFE-3CAACE172954}.debug-net45|x64.ActiveCfg = Debug|Any CPU
		{D6853570-4238-430A-ADFE-3CAACE172954}.debug-net45|x86.ActiveCfg = Debug|Any CPU
		{D6853570-4238-430A-ADFE-3CAACE172954}.Release|Any CPU.ActiveCfg = Release|Any CPU
		{D6853570-4238-430A-ADFE-3CAACE172954}.Release|Any CPU.Build.0 = Release|Any CPU
		{D6853570-4238-430A-ADFE-3CAACE172954}.Release|Mixed Platforms.ActiveCfg = Release|Any CPU
		{D6853570-4238-430A-ADFE-3CAACE172954}.Release|Mixed Platforms.Build.0 = Release|Any CPU
		{D6853570-4238-430A-ADFE-3CAACE172954}.Release|x64.ActiveCfg = Release|Any CPU
		{D6853570-4238-430A-ADFE-3CAACE172954}.Release|x86.ActiveCfg = Release|Any CPU
		{D6853570-4238-430A-ADFE-3CAACE172954}.release-net45|Any CPU.ActiveCfg = Release|Any CPU
		{D6853570-4238-430A-ADFE-3CAACE172954}.release-net45|Any CPU.Build.0 = Release|Any CPU
		{D6853570-4238-430A-ADFE-3CAACE172954}.release-net45|Mixed Platforms.ActiveCfg = Release|Any CPU
		{D6853570-4238-430A-ADFE-3CAACE172954}.release-net45|Mixed Platforms.Build.0 = Release|Any CPU
		{D6853570-4238-430A-ADFE-3CAACE172954}.release-net45|x64.ActiveCfg = Release|Any CPU
		{D6853570-4238-430A-ADFE-3CAACE172954}.release-net45|x86.ActiveCfg = Release|Any CPU
		{D6853570-4238-430A-ADFE-3CAACE172954}.Test|Any CPU.ActiveCfg = Debug|Any CPU
		{D6853570-4238-430A-ADFE-3CAACE172954}.Test|Any CPU.Build.0 = Debug|Any CPU
		{D6853570-4238-430A-ADFE-3CAACE172954}.Test|Mixed Platforms.ActiveCfg = Debug|Any CPU
		{D6853570-4238-430A-ADFE-3CAACE172954}.Test|Mixed Platforms.Build.0 = Debug|Any CPU
		{D6853570-4238-430A-ADFE-3CAACE172954}.Test|x64.ActiveCfg = Debug|Any CPU
		{D6853570-4238-430A-ADFE-3CAACE172954}.Test|x86.ActiveCfg = Debug|Any CPU
		{E37375CE-ADBA-47C9-9FA1-D7C5C704CD89}.ChildrenFolder|Any CPU.ActiveCfg = Release|Any CPU
		{E37375CE-ADBA-47C9-9FA1-D7C5C704CD89}.ChildrenFolder|Any CPU.Build.0 = Release|Any CPU
		{E37375CE-ADBA-47C9-9FA1-D7C5C704CD89}.ChildrenFolder|Mixed Platforms.ActiveCfg = Release|Any CPU
		{E37375CE-ADBA-47C9-9FA1-D7C5C704CD89}.ChildrenFolder|Mixed Platforms.Build.0 = Release|Any CPU
		{E37375CE-ADBA-47C9-9FA1-D7C5C704CD89}.ChildrenFolder|x64.ActiveCfg = Release|Any CPU
		{E37375CE-ADBA-47C9-9FA1-D7C5C704CD89}.ChildrenFolder|x86.ActiveCfg = Release|Any CPU
		{E37375CE-ADBA-47C9-9FA1-D7C5C704CD89}.Debug|Any CPU.ActiveCfg = Debug|Any CPU
		{E37375CE-ADBA-47C9-9FA1-D7C5C704CD89}.Debug|Any CPU.Build.0 = Debug|Any CPU
		{E37375CE-ADBA-47C9-9FA1-D7C5C704CD89}.Debug|Mixed Platforms.ActiveCfg = Debug|Any CPU
		{E37375CE-ADBA-47C9-9FA1-D7C5C704CD89}.Debug|Mixed Platforms.Build.0 = Debug|Any CPU
		{E37375CE-ADBA-47C9-9FA1-D7C5C704CD89}.Debug|x64.ActiveCfg = Debug|Any CPU
		{E37375CE-ADBA-47C9-9FA1-D7C5C704CD89}.Debug|x86.ActiveCfg = Debug|Any CPU
		{E37375CE-ADBA-47C9-9FA1-D7C5C704CD89}.Debug|x86.Build.0 = Debug|Any CPU
		{E37375CE-ADBA-47C9-9FA1-D7C5C704CD89}.debug-net45|Any CPU.ActiveCfg = Debug|Any CPU
		{E37375CE-ADBA-47C9-9FA1-D7C5C704CD89}.debug-net45|Any CPU.Build.0 = Debug|Any CPU
		{E37375CE-ADBA-47C9-9FA1-D7C5C704CD89}.debug-net45|Mixed Platforms.ActiveCfg = Debug|Any CPU
		{E37375CE-ADBA-47C9-9FA1-D7C5C704CD89}.debug-net45|Mixed Platforms.Build.0 = Debug|Any CPU
		{E37375CE-ADBA-47C9-9FA1-D7C5C704CD89}.debug-net45|x64.ActiveCfg = Debug|Any CPU
		{E37375CE-ADBA-47C9-9FA1-D7C5C704CD89}.debug-net45|x86.ActiveCfg = Debug|Any CPU
		{E37375CE-ADBA-47C9-9FA1-D7C5C704CD89}.Release|Any CPU.ActiveCfg = Release|Any CPU
		{E37375CE-ADBA-47C9-9FA1-D7C5C704CD89}.Release|Any CPU.Build.0 = Release|Any CPU
		{E37375CE-ADBA-47C9-9FA1-D7C5C704CD89}.Release|Mixed Platforms.ActiveCfg = Release|Any CPU
		{E37375CE-ADBA-47C9-9FA1-D7C5C704CD89}.Release|Mixed Platforms.Build.0 = Release|Any CPU
		{E37375CE-ADBA-47C9-9FA1-D7C5C704CD89}.Release|x64.ActiveCfg = Release|Any CPU
		{E37375CE-ADBA-47C9-9FA1-D7C5C704CD89}.Release|x86.ActiveCfg = Release|Any CPU
		{E37375CE-ADBA-47C9-9FA1-D7C5C704CD89}.release-net45|Any CPU.ActiveCfg = Release|Any CPU
		{E37375CE-ADBA-47C9-9FA1-D7C5C704CD89}.release-net45|Any CPU.Build.0 = Release|Any CPU
		{E37375CE-ADBA-47C9-9FA1-D7C5C704CD89}.release-net45|Mixed Platforms.ActiveCfg = Release|Any CPU
		{E37375CE-ADBA-47C9-9FA1-D7C5C704CD89}.release-net45|Mixed Platforms.Build.0 = Release|Any CPU
		{E37375CE-ADBA-47C9-9FA1-D7C5C704CD89}.release-net45|x64.ActiveCfg = Release|Any CPU
		{E37375CE-ADBA-47C9-9FA1-D7C5C704CD89}.release-net45|x86.ActiveCfg = Release|Any CPU
		{E37375CE-ADBA-47C9-9FA1-D7C5C704CD89}.Test|Any CPU.ActiveCfg = Debug|Any CPU
		{E37375CE-ADBA-47C9-9FA1-D7C5C704CD89}.Test|Any CPU.Build.0 = Debug|Any CPU
		{E37375CE-ADBA-47C9-9FA1-D7C5C704CD89}.Test|Mixed Platforms.ActiveCfg = Debug|Any CPU
		{E37375CE-ADBA-47C9-9FA1-D7C5C704CD89}.Test|Mixed Platforms.Build.0 = Debug|Any CPU
		{E37375CE-ADBA-47C9-9FA1-D7C5C704CD89}.Test|x64.ActiveCfg = Debug|Any CPU
		{E37375CE-ADBA-47C9-9FA1-D7C5C704CD89}.Test|x86.ActiveCfg = Debug|Any CPU
		{8BE188CA-A0D9-4609-AB2E-AB8EDF849FE0}.ChildrenFolder|Any CPU.ActiveCfg = release-net45|Any CPU
		{8BE188CA-A0D9-4609-AB2E-AB8EDF849FE0}.ChildrenFolder|Any CPU.Build.0 = release-net45|Any CPU
		{8BE188CA-A0D9-4609-AB2E-AB8EDF849FE0}.ChildrenFolder|Mixed Platforms.ActiveCfg = release-net45|Any CPU
		{8BE188CA-A0D9-4609-AB2E-AB8EDF849FE0}.ChildrenFolder|Mixed Platforms.Build.0 = release-net45|Any CPU
		{8BE188CA-A0D9-4609-AB2E-AB8EDF849FE0}.ChildrenFolder|x64.ActiveCfg = release-net45|Any CPU
		{8BE188CA-A0D9-4609-AB2E-AB8EDF849FE0}.ChildrenFolder|x86.ActiveCfg = release-net45|Any CPU
		{8BE188CA-A0D9-4609-AB2E-AB8EDF849FE0}.Debug|Any CPU.ActiveCfg = Debug|Any CPU
		{8BE188CA-A0D9-4609-AB2E-AB8EDF849FE0}.Debug|Any CPU.Build.0 = Debug|Any CPU
		{8BE188CA-A0D9-4609-AB2E-AB8EDF849FE0}.Debug|Mixed Platforms.ActiveCfg = Debug|Any CPU
		{8BE188CA-A0D9-4609-AB2E-AB8EDF849FE0}.Debug|Mixed Platforms.Build.0 = Debug|Any CPU
		{8BE188CA-A0D9-4609-AB2E-AB8EDF849FE0}.Debug|x64.ActiveCfg = Debug|Any CPU
		{8BE188CA-A0D9-4609-AB2E-AB8EDF849FE0}.Debug|x86.ActiveCfg = Debug|Any CPU
		{8BE188CA-A0D9-4609-AB2E-AB8EDF849FE0}.Debug|x86.Build.0 = Debug|Any CPU
		{8BE188CA-A0D9-4609-AB2E-AB8EDF849FE0}.debug-net45|Any CPU.ActiveCfg = debug-net45|Any CPU
		{8BE188CA-A0D9-4609-AB2E-AB8EDF849FE0}.debug-net45|Any CPU.Build.0 = debug-net45|Any CPU
		{8BE188CA-A0D9-4609-AB2E-AB8EDF849FE0}.debug-net45|Mixed Platforms.ActiveCfg = debug-net45|Any CPU
		{8BE188CA-A0D9-4609-AB2E-AB8EDF849FE0}.debug-net45|Mixed Platforms.Build.0 = debug-net45|Any CPU
		{8BE188CA-A0D9-4609-AB2E-AB8EDF849FE0}.debug-net45|x64.ActiveCfg = debug-net45|Any CPU
		{8BE188CA-A0D9-4609-AB2E-AB8EDF849FE0}.debug-net45|x86.ActiveCfg = debug-net45|Any CPU
		{8BE188CA-A0D9-4609-AB2E-AB8EDF849FE0}.Release|Any CPU.ActiveCfg = Release|Any CPU
		{8BE188CA-A0D9-4609-AB2E-AB8EDF849FE0}.Release|Any CPU.Build.0 = Release|Any CPU
		{8BE188CA-A0D9-4609-AB2E-AB8EDF849FE0}.Release|Mixed Platforms.ActiveCfg = Release|Any CPU
		{8BE188CA-A0D9-4609-AB2E-AB8EDF849FE0}.Release|Mixed Platforms.Build.0 = Release|Any CPU
		{8BE188CA-A0D9-4609-AB2E-AB8EDF849FE0}.Release|x64.ActiveCfg = Release|Any CPU
		{8BE188CA-A0D9-4609-AB2E-AB8EDF849FE0}.Release|x86.ActiveCfg = Release|Any CPU
		{8BE188CA-A0D9-4609-AB2E-AB8EDF849FE0}.release-net45|Any CPU.ActiveCfg = release-net45|Any CPU
		{8BE188CA-A0D9-4609-AB2E-AB8EDF849FE0}.release-net45|Any CPU.Build.0 = release-net45|Any CPU
		{8BE188CA-A0D9-4609-AB2E-AB8EDF849FE0}.release-net45|Mixed Platforms.ActiveCfg = release-net45|Any CPU
		{8BE188CA-A0D9-4609-AB2E-AB8EDF849FE0}.release-net45|Mixed Platforms.Build.0 = release-net45|Any CPU
		{8BE188CA-A0D9-4609-AB2E-AB8EDF849FE0}.release-net45|x64.ActiveCfg = release-net45|Any CPU
		{8BE188CA-A0D9-4609-AB2E-AB8EDF849FE0}.release-net45|x86.ActiveCfg = release-net45|Any CPU
		{8BE188CA-A0D9-4609-AB2E-AB8EDF849FE0}.Test|Any CPU.ActiveCfg = Release|Any CPU
		{8BE188CA-A0D9-4609-AB2E-AB8EDF849FE0}.Test|Any CPU.Build.0 = Release|Any CPU
		{8BE188CA-A0D9-4609-AB2E-AB8EDF849FE0}.Test|Mixed Platforms.ActiveCfg = Release|Any CPU
		{8BE188CA-A0D9-4609-AB2E-AB8EDF849FE0}.Test|Mixed Platforms.Build.0 = Release|Any CPU
		{8BE188CA-A0D9-4609-AB2E-AB8EDF849FE0}.Test|x64.ActiveCfg = Release|Any CPU
		{8BE188CA-A0D9-4609-AB2E-AB8EDF849FE0}.Test|x86.ActiveCfg = Release|Any CPU
		{3BA4B44C-BEDF-44AA-9388-9778F8FA108F}.ChildrenFolder|Any CPU.ActiveCfg = Release|Any CPU
		{3BA4B44C-BEDF-44AA-9388-9778F8FA108F}.ChildrenFolder|Any CPU.Build.0 = Release|Any CPU
		{3BA4B44C-BEDF-44AA-9388-9778F8FA108F}.ChildrenFolder|Mixed Platforms.ActiveCfg = Release|Any CPU
		{3BA4B44C-BEDF-44AA-9388-9778F8FA108F}.ChildrenFolder|Mixed Platforms.Build.0 = Release|Any CPU
		{3BA4B44C-BEDF-44AA-9388-9778F8FA108F}.ChildrenFolder|x64.ActiveCfg = Release|Any CPU
		{3BA4B44C-BEDF-44AA-9388-9778F8FA108F}.ChildrenFolder|x86.ActiveCfg = Release|Any CPU
		{3BA4B44C-BEDF-44AA-9388-9778F8FA108F}.Debug|Any CPU.ActiveCfg = Debug|Any CPU
		{3BA4B44C-BEDF-44AA-9388-9778F8FA108F}.Debug|Any CPU.Build.0 = Debug|Any CPU
		{3BA4B44C-BEDF-44AA-9388-9778F8FA108F}.Debug|Mixed Platforms.ActiveCfg = Debug|Any CPU
		{3BA4B44C-BEDF-44AA-9388-9778F8FA108F}.Debug|Mixed Platforms.Build.0 = Debug|Any CPU
		{3BA4B44C-BEDF-44AA-9388-9778F8FA108F}.Debug|x64.ActiveCfg = Debug|Any CPU
		{3BA4B44C-BEDF-44AA-9388-9778F8FA108F}.Debug|x86.ActiveCfg = Debug|Any CPU
		{3BA4B44C-BEDF-44AA-9388-9778F8FA108F}.Debug|x86.Build.0 = Debug|Any CPU
		{3BA4B44C-BEDF-44AA-9388-9778F8FA108F}.debug-net45|Any CPU.ActiveCfg = Debug|Any CPU
		{3BA4B44C-BEDF-44AA-9388-9778F8FA108F}.debug-net45|Any CPU.Build.0 = Debug|Any CPU
		{3BA4B44C-BEDF-44AA-9388-9778F8FA108F}.debug-net45|Mixed Platforms.ActiveCfg = Debug|Any CPU
		{3BA4B44C-BEDF-44AA-9388-9778F8FA108F}.debug-net45|Mixed Platforms.Build.0 = Debug|Any CPU
		{3BA4B44C-BEDF-44AA-9388-9778F8FA108F}.debug-net45|x64.ActiveCfg = Debug|Any CPU
		{3BA4B44C-BEDF-44AA-9388-9778F8FA108F}.debug-net45|x86.ActiveCfg = Debug|Any CPU
		{3BA4B44C-BEDF-44AA-9388-9778F8FA108F}.Release|Any CPU.ActiveCfg = Release|Any CPU
		{3BA4B44C-BEDF-44AA-9388-9778F8FA108F}.Release|Any CPU.Build.0 = Release|Any CPU
		{3BA4B44C-BEDF-44AA-9388-9778F8FA108F}.Release|Mixed Platforms.ActiveCfg = Release|Any CPU
		{3BA4B44C-BEDF-44AA-9388-9778F8FA108F}.Release|Mixed Platforms.Build.0 = Release|Any CPU
		{3BA4B44C-BEDF-44AA-9388-9778F8FA108F}.Release|x64.ActiveCfg = Release|Any CPU
		{3BA4B44C-BEDF-44AA-9388-9778F8FA108F}.Release|x86.ActiveCfg = Release|Any CPU
		{3BA4B44C-BEDF-44AA-9388-9778F8FA108F}.release-net45|Any CPU.ActiveCfg = Release|Any CPU
		{3BA4B44C-BEDF-44AA-9388-9778F8FA108F}.release-net45|Any CPU.Build.0 = Release|Any CPU
		{3BA4B44C-BEDF-44AA-9388-9778F8FA108F}.release-net45|Mixed Platforms.ActiveCfg = Release|Any CPU
		{3BA4B44C-BEDF-44AA-9388-9778F8FA108F}.release-net45|Mixed Platforms.Build.0 = Release|Any CPU
		{3BA4B44C-BEDF-44AA-9388-9778F8FA108F}.release-net45|x64.ActiveCfg = Release|Any CPU
		{3BA4B44C-BEDF-44AA-9388-9778F8FA108F}.release-net45|x86.ActiveCfg = Release|Any CPU
		{3BA4B44C-BEDF-44AA-9388-9778F8FA108F}.Test|Any CPU.ActiveCfg = Test|Any CPU
		{3BA4B44C-BEDF-44AA-9388-9778F8FA108F}.Test|Any CPU.Build.0 = Test|Any CPU
		{3BA4B44C-BEDF-44AA-9388-9778F8FA108F}.Test|Mixed Platforms.ActiveCfg = Test|Any CPU
		{3BA4B44C-BEDF-44AA-9388-9778F8FA108F}.Test|Mixed Platforms.Build.0 = Test|Any CPU
		{3BA4B44C-BEDF-44AA-9388-9778F8FA108F}.Test|x64.ActiveCfg = Test|Any CPU
		{3BA4B44C-BEDF-44AA-9388-9778F8FA108F}.Test|x86.ActiveCfg = Test|Any CPU
		{279323D6-24C8-47BD-A0EB-BE164B4B5CB1}.ChildrenFolder|Any CPU.ActiveCfg = Release|Any CPU
		{279323D6-24C8-47BD-A0EB-BE164B4B5CB1}.ChildrenFolder|Any CPU.Build.0 = Release|Any CPU
		{279323D6-24C8-47BD-A0EB-BE164B4B5CB1}.ChildrenFolder|Mixed Platforms.ActiveCfg = Release|Any CPU
		{279323D6-24C8-47BD-A0EB-BE164B4B5CB1}.ChildrenFolder|Mixed Platforms.Build.0 = Release|Any CPU
		{279323D6-24C8-47BD-A0EB-BE164B4B5CB1}.ChildrenFolder|x64.ActiveCfg = Release|Any CPU
		{279323D6-24C8-47BD-A0EB-BE164B4B5CB1}.ChildrenFolder|x86.ActiveCfg = Release|Any CPU
		{279323D6-24C8-47BD-A0EB-BE164B4B5CB1}.Debug|Any CPU.ActiveCfg = Debug|Any CPU
		{279323D6-24C8-47BD-A0EB-BE164B4B5CB1}.Debug|Any CPU.Build.0 = Debug|Any CPU
		{279323D6-24C8-47BD-A0EB-BE164B4B5CB1}.Debug|Mixed Platforms.ActiveCfg = Debug|Any CPU
		{279323D6-24C8-47BD-A0EB-BE164B4B5CB1}.Debug|Mixed Platforms.Build.0 = Debug|Any CPU
		{279323D6-24C8-47BD-A0EB-BE164B4B5CB1}.Debug|x64.ActiveCfg = Debug|Any CPU
		{279323D6-24C8-47BD-A0EB-BE164B4B5CB1}.Debug|x86.ActiveCfg = Debug|Any CPU
		{279323D6-24C8-47BD-A0EB-BE164B4B5CB1}.Debug|x86.Build.0 = Debug|Any CPU
		{279323D6-24C8-47BD-A0EB-BE164B4B5CB1}.debug-net45|Any CPU.ActiveCfg = Debug|Any CPU
		{279323D6-24C8-47BD-A0EB-BE164B4B5CB1}.debug-net45|Any CPU.Build.0 = Debug|Any CPU
		{279323D6-24C8-47BD-A0EB-BE164B4B5CB1}.debug-net45|Mixed Platforms.ActiveCfg = Debug|Any CPU
		{279323D6-24C8-47BD-A0EB-BE164B4B5CB1}.debug-net45|Mixed Platforms.Build.0 = Debug|Any CPU
		{279323D6-24C8-47BD-A0EB-BE164B4B5CB1}.debug-net45|x64.ActiveCfg = Debug|Any CPU
		{279323D6-24C8-47BD-A0EB-BE164B4B5CB1}.debug-net45|x86.ActiveCfg = Debug|Any CPU
		{279323D6-24C8-47BD-A0EB-BE164B4B5CB1}.Release|Any CPU.ActiveCfg = Release|Any CPU
		{279323D6-24C8-47BD-A0EB-BE164B4B5CB1}.Release|Any CPU.Build.0 = Release|Any CPU
		{279323D6-24C8-47BD-A0EB-BE164B4B5CB1}.Release|Mixed Platforms.ActiveCfg = Release|Any CPU
		{279323D6-24C8-47BD-A0EB-BE164B4B5CB1}.Release|Mixed Platforms.Build.0 = Release|Any CPU
		{279323D6-24C8-47BD-A0EB-BE164B4B5CB1}.Release|x64.ActiveCfg = Release|Any CPU
		{279323D6-24C8-47BD-A0EB-BE164B4B5CB1}.Release|x86.ActiveCfg = Release|Any CPU
		{279323D6-24C8-47BD-A0EB-BE164B4B5CB1}.release-net45|Any CPU.ActiveCfg = Release|Any CPU
		{279323D6-24C8-47BD-A0EB-BE164B4B5CB1}.release-net45|Any CPU.Build.0 = Release|Any CPU
		{279323D6-24C8-47BD-A0EB-BE164B4B5CB1}.release-net45|Mixed Platforms.ActiveCfg = Release|Any CPU
		{279323D6-24C8-47BD-A0EB-BE164B4B5CB1}.release-net45|Mixed Platforms.Build.0 = Release|Any CPU
		{279323D6-24C8-47BD-A0EB-BE164B4B5CB1}.release-net45|x64.ActiveCfg = Release|Any CPU
		{279323D6-24C8-47BD-A0EB-BE164B4B5CB1}.release-net45|x86.ActiveCfg = Release|Any CPU
		{279323D6-24C8-47BD-A0EB-BE164B4B5CB1}.Test|Any CPU.ActiveCfg = Test|Any CPU
		{279323D6-24C8-47BD-A0EB-BE164B4B5CB1}.Test|Any CPU.Build.0 = Test|Any CPU
		{279323D6-24C8-47BD-A0EB-BE164B4B5CB1}.Test|Mixed Platforms.ActiveCfg = Test|Any CPU
		{279323D6-24C8-47BD-A0EB-BE164B4B5CB1}.Test|Mixed Platforms.Build.0 = Test|Any CPU
		{279323D6-24C8-47BD-A0EB-BE164B4B5CB1}.Test|x64.ActiveCfg = Test|Any CPU
		{279323D6-24C8-47BD-A0EB-BE164B4B5CB1}.Test|x86.ActiveCfg = Test|Any CPU
		{4436A72E-730B-497C-989C-42BBB4208024}.ChildrenFolder|Any CPU.ActiveCfg = Release|Any CPU
		{4436A72E-730B-497C-989C-42BBB4208024}.ChildrenFolder|Any CPU.Build.0 = Release|Any CPU
		{4436A72E-730B-497C-989C-42BBB4208024}.ChildrenFolder|Mixed Platforms.ActiveCfg = Release|Any CPU
		{4436A72E-730B-497C-989C-42BBB4208024}.ChildrenFolder|Mixed Platforms.Build.0 = Release|Any CPU
		{4436A72E-730B-497C-989C-42BBB4208024}.ChildrenFolder|x64.ActiveCfg = Release|Any CPU
		{4436A72E-730B-497C-989C-42BBB4208024}.ChildrenFolder|x86.ActiveCfg = Release|Any CPU
		{4436A72E-730B-497C-989C-42BBB4208024}.Debug|Any CPU.ActiveCfg = Debug|Any CPU
		{4436A72E-730B-497C-989C-42BBB4208024}.Debug|Any CPU.Build.0 = Debug|Any CPU
		{4436A72E-730B-497C-989C-42BBB4208024}.Debug|Mixed Platforms.ActiveCfg = Debug|Any CPU
		{4436A72E-730B-497C-989C-42BBB4208024}.Debug|Mixed Platforms.Build.0 = Debug|Any CPU
		{4436A72E-730B-497C-989C-42BBB4208024}.Debug|x64.ActiveCfg = Debug|Any CPU
		{4436A72E-730B-497C-989C-42BBB4208024}.Debug|x86.ActiveCfg = Debug|Any CPU
		{4436A72E-730B-497C-989C-42BBB4208024}.Debug|x86.Build.0 = Debug|Any CPU
		{4436A72E-730B-497C-989C-42BBB4208024}.debug-net45|Any CPU.ActiveCfg = Debug|Any CPU
		{4436A72E-730B-497C-989C-42BBB4208024}.debug-net45|Any CPU.Build.0 = Debug|Any CPU
		{4436A72E-730B-497C-989C-42BBB4208024}.debug-net45|Mixed Platforms.ActiveCfg = Debug|Any CPU
		{4436A72E-730B-497C-989C-42BBB4208024}.debug-net45|Mixed Platforms.Build.0 = Debug|Any CPU
		{4436A72E-730B-497C-989C-42BBB4208024}.debug-net45|x64.ActiveCfg = Debug|Any CPU
		{4436A72E-730B-497C-989C-42BBB4208024}.debug-net45|x86.ActiveCfg = Debug|Any CPU
		{4436A72E-730B-497C-989C-42BBB4208024}.Release|Any CPU.ActiveCfg = Release|Any CPU
		{4436A72E-730B-497C-989C-42BBB4208024}.Release|Any CPU.Build.0 = Release|Any CPU
		{4436A72E-730B-497C-989C-42BBB4208024}.Release|Mixed Platforms.ActiveCfg = Release|Any CPU
		{4436A72E-730B-497C-989C-42BBB4208024}.Release|Mixed Platforms.Build.0 = Release|Any CPU
		{4436A72E-730B-497C-989C-42BBB4208024}.Release|x64.ActiveCfg = Release|Any CPU
		{4436A72E-730B-497C-989C-42BBB4208024}.Release|x86.ActiveCfg = Release|Any CPU
		{4436A72E-730B-497C-989C-42BBB4208024}.release-net45|Any CPU.ActiveCfg = Release|Any CPU
		{4436A72E-730B-497C-989C-42BBB4208024}.release-net45|Any CPU.Build.0 = Release|Any CPU
		{4436A72E-730B-497C-989C-42BBB4208024}.release-net45|Mixed Platforms.ActiveCfg = Release|Any CPU
		{4436A72E-730B-497C-989C-42BBB4208024}.release-net45|Mixed Platforms.Build.0 = Release|Any CPU
		{4436A72E-730B-497C-989C-42BBB4208024}.release-net45|x64.ActiveCfg = Release|Any CPU
		{4436A72E-730B-497C-989C-42BBB4208024}.release-net45|x86.ActiveCfg = Release|Any CPU
		{4436A72E-730B-497C-989C-42BBB4208024}.Test|Any CPU.ActiveCfg = Release|Any CPU
		{4436A72E-730B-497C-989C-42BBB4208024}.Test|Any CPU.Build.0 = Release|Any CPU
		{4436A72E-730B-497C-989C-42BBB4208024}.Test|Mixed Platforms.ActiveCfg = Release|Any CPU
		{4436A72E-730B-497C-989C-42BBB4208024}.Test|Mixed Platforms.Build.0 = Release|Any CPU
		{4436A72E-730B-497C-989C-42BBB4208024}.Test|x64.ActiveCfg = Release|Any CPU
		{4436A72E-730B-497C-989C-42BBB4208024}.Test|x86.ActiveCfg = Release|Any CPU
		{108D906F-32D7-4774-A66D-BFD68CC4D9B0}.ChildrenFolder|Any CPU.ActiveCfg = Test|Any CPU
		{108D906F-32D7-4774-A66D-BFD68CC4D9B0}.ChildrenFolder|Any CPU.Build.0 = Test|Any CPU
		{108D906F-32D7-4774-A66D-BFD68CC4D9B0}.ChildrenFolder|Mixed Platforms.ActiveCfg = Test|Any CPU
		{108D906F-32D7-4774-A66D-BFD68CC4D9B0}.ChildrenFolder|Mixed Platforms.Build.0 = Test|Any CPU
		{108D906F-32D7-4774-A66D-BFD68CC4D9B0}.ChildrenFolder|x64.ActiveCfg = Test|Any CPU
		{108D906F-32D7-4774-A66D-BFD68CC4D9B0}.ChildrenFolder|x86.ActiveCfg = Test|Any CPU
		{108D906F-32D7-4774-A66D-BFD68CC4D9B0}.Debug|Any CPU.ActiveCfg = Debug|Any CPU
		{108D906F-32D7-4774-A66D-BFD68CC4D9B0}.Debug|Any CPU.Build.0 = Debug|Any CPU
		{108D906F-32D7-4774-A66D-BFD68CC4D9B0}.Debug|Mixed Platforms.ActiveCfg = Debug|Any CPU
		{108D906F-32D7-4774-A66D-BFD68CC4D9B0}.Debug|Mixed Platforms.Build.0 = Debug|Any CPU
		{108D906F-32D7-4774-A66D-BFD68CC4D9B0}.Debug|x64.ActiveCfg = Debug|Any CPU
		{108D906F-32D7-4774-A66D-BFD68CC4D9B0}.Debug|x86.ActiveCfg = Debug|Any CPU
		{108D906F-32D7-4774-A66D-BFD68CC4D9B0}.Debug|x86.Build.0 = Debug|Any CPU
		{108D906F-32D7-4774-A66D-BFD68CC4D9B0}.debug-net45|Any CPU.ActiveCfg = Debug|Any CPU
		{108D906F-32D7-4774-A66D-BFD68CC4D9B0}.debug-net45|Any CPU.Build.0 = Debug|Any CPU
		{108D906F-32D7-4774-A66D-BFD68CC4D9B0}.debug-net45|Mixed Platforms.ActiveCfg = Debug|Any CPU
		{108D906F-32D7-4774-A66D-BFD68CC4D9B0}.debug-net45|Mixed Platforms.Build.0 = Debug|Any CPU
		{108D906F-32D7-4774-A66D-BFD68CC4D9B0}.debug-net45|x64.ActiveCfg = Debug|Any CPU
		{108D906F-32D7-4774-A66D-BFD68CC4D9B0}.debug-net45|x86.ActiveCfg = Debug|Any CPU
		{108D906F-32D7-4774-A66D-BFD68CC4D9B0}.Release|Any CPU.ActiveCfg = Release|Any CPU
		{108D906F-32D7-4774-A66D-BFD68CC4D9B0}.Release|Any CPU.Build.0 = Release|Any CPU
		{108D906F-32D7-4774-A66D-BFD68CC4D9B0}.Release|Mixed Platforms.ActiveCfg = Release|Any CPU
		{108D906F-32D7-4774-A66D-BFD68CC4D9B0}.Release|Mixed Platforms.Build.0 = Release|Any CPU
		{108D906F-32D7-4774-A66D-BFD68CC4D9B0}.Release|x64.ActiveCfg = Release|Any CPU
		{108D906F-32D7-4774-A66D-BFD68CC4D9B0}.Release|x86.ActiveCfg = Release|Any CPU
		{108D906F-32D7-4774-A66D-BFD68CC4D9B0}.release-net45|Any CPU.ActiveCfg = Release|Any CPU
		{108D906F-32D7-4774-A66D-BFD68CC4D9B0}.release-net45|Any CPU.Build.0 = Release|Any CPU
		{108D906F-32D7-4774-A66D-BFD68CC4D9B0}.release-net45|Mixed Platforms.ActiveCfg = Release|Any CPU
		{108D906F-32D7-4774-A66D-BFD68CC4D9B0}.release-net45|Mixed Platforms.Build.0 = Release|Any CPU
		{108D906F-32D7-4774-A66D-BFD68CC4D9B0}.release-net45|x64.ActiveCfg = Release|Any CPU
		{108D906F-32D7-4774-A66D-BFD68CC4D9B0}.release-net45|x86.ActiveCfg = Release|Any CPU
		{108D906F-32D7-4774-A66D-BFD68CC4D9B0}.Test|Any CPU.ActiveCfg = Test|Any CPU
		{108D906F-32D7-4774-A66D-BFD68CC4D9B0}.Test|Any CPU.Build.0 = Test|Any CPU
		{108D906F-32D7-4774-A66D-BFD68CC4D9B0}.Test|Mixed Platforms.ActiveCfg = Test|Any CPU
		{108D906F-32D7-4774-A66D-BFD68CC4D9B0}.Test|Mixed Platforms.Build.0 = Test|Any CPU
		{108D906F-32D7-4774-A66D-BFD68CC4D9B0}.Test|x64.ActiveCfg = Test|Any CPU
		{108D906F-32D7-4774-A66D-BFD68CC4D9B0}.Test|x86.ActiveCfg = Test|Any CPU
	EndGlobalSection
	GlobalSection(SolutionProperties) = preSolution
		HideSolutionNode = FALSE
	EndGlobalSection
	GlobalSection(NestedProjects) = preSolution
		{BF858A13-1FE7-42F0-AF78-D9909FA193D1} = {443E97FC-E470-41C9-9301-CB5D1B9E8C6F}
		{72AFCFE8-C9E9-45FA-9698-BEE896A517A3} = {443E97FC-E470-41C9-9301-CB5D1B9E8C6F}
		{A2C4864F-8976-4C5B-A2BF-60AE31749BB7} = {443E97FC-E470-41C9-9301-CB5D1B9E8C6F}
		{8A680813-C83B-497A-85E6-E8F07B7D7650} = {443E97FC-E470-41C9-9301-CB5D1B9E8C6F}
		{A215E837-1208-49E3-AF93-A9612223122C} = {443E97FC-E470-41C9-9301-CB5D1B9E8C6F}
		{95E2C313-46FA-4B4B-9EFF-3228662908F4} = {443E97FC-E470-41C9-9301-CB5D1B9E8C6F}
		{D3BA9766-79FD-4DC9-9A44-B847C6625E0A} = {443E97FC-E470-41C9-9301-CB5D1B9E8C6F}
		{D6853570-4238-430A-ADFE-3CAACE172954} = {443E97FC-E470-41C9-9301-CB5D1B9E8C6F}
		{E37375CE-ADBA-47C9-9FA1-D7C5C704CD89} = {443E97FC-E470-41C9-9301-CB5D1B9E8C6F}
		{8BE188CA-A0D9-4609-AB2E-AB8EDF849FE0} = {443E97FC-E470-41C9-9301-CB5D1B9E8C6F}
	EndGlobalSection
EndGlobal
